Microsoft Visual Studio Solution File, Format Version 12.00
# Visual Studio 15
VisualStudioVersion = 15.0.26403.0
MinimumVisualStudioVersion = 10.0.40219.1
Project("{FAE04EC0-301F-11D3-BF4B-00C04F79EFBC}") = "Topichat.iOS", "iOS\Topichat.iOS.csproj", "{07085C5B-0BBB-4DEB-B0C1-3F0DB477E93F}"
EndProject
Project("{FAE04EC0-301F-11D3-BF4B-00C04F79EFBC}") = "Topichat.Core", "Core\Topichat.Core.csproj", "{0A040E22-3579-4341-B284-08AFC530EA20}"
EndProject
Project("{FAE04EC0-301F-11D3-BF4B-00C04F79EFBC}") = "Topichat.Core.UnitTest", "Core.UnitTest\Topichat.Core.UnitTest.csproj", "{9BB98853-D799-4D27-8110-EC8877B67143}"
EndProject
Project("{D954291E-2A0B-460D-934E-DC6B0785DB48}") = "Topichat.Shared", "Shared\Topichat.Shared.shproj", "{3BD3430D-EDE5-4402-887E-4B8A1A7EB54C}"
EndProject
Project("{D954291E-2A0B-460D-934E-DC6B0785DB48}") = "Topichat.Shared.UnitTest", "Shared.UnitTest\Topichat.Shared.UnitTest.shproj", "{8924E299-FDBB-403A-BC8B-06E172836773}"
EndProject
Project("{FAE04EC0-301F-11D3-BF4B-00C04F79EFBC}") = "Topichat.iOS.UnitTest", "iOS.UnitTest\Topichat.iOS.UnitTest.csproj", "{700F7CF4-3064-4145-991E-9276F461EDA6}"
EndProject
Project("{FAE04EC0-301F-11D3-BF4B-00C04F79EFBC}") = "App", "App\App\App.csproj", "{087B1BDD-0459-4F3C-8F11-3DE60BEC5E1F}"
EndProject
Project("{FAE04EC0-301F-11D3-BF4B-00C04F79EFBC}") = "App.iOS", "App\iOS\App.iOS.csproj", "{2DB9479D-B126-4E3F-8B7F-9909C3375CFE}"
EndProject
Project("{FAE04EC0-301F-11D3-BF4B-00C04F79EFBC}") = "App.Droid", "App\Droid\App.Droid.csproj", "{D65E203D-F3BF-4B45-854D-8A32A6B6070A}"
EndProject
Global
	GlobalSection(SharedMSBuildProjectFiles) = preSolution
		Shared\Topichat.Shared.projitems*{07085c5b-0bbb-4deb-b0c1-3f0db477e93f}*SharedItemsImports = 4
		Shared\Topichat.Shared.projitems*{3bd3430d-ede5-4402-887e-4b8a1a7eb54c}*SharedItemsImports = 13
		Shared.UnitTest\Topichat.Shared.UnitTest.projitems*{700f7cf4-3064-4145-991e-9276f461eda6}*SharedItemsImports = 4
		Shared.UnitTest\Topichat.Shared.UnitTest.projitems*{8924e299-fdbb-403a-bc8b-06e172836773}*SharedItemsImports = 13
	EndGlobalSection
	GlobalSection(SolutionConfigurationPlatforms) = preSolution
		Ad-Hoc|Any CPU = Ad-Hoc|Any CPU
		Ad-Hoc|ARM = Ad-Hoc|ARM
		Ad-Hoc|iPhone = Ad-Hoc|iPhone
		Ad-Hoc|iPhoneSimulator = Ad-Hoc|iPhoneSimulator
		Ad-Hoc|x64 = Ad-Hoc|x64
		Ad-Hoc|x86 = Ad-Hoc|x86
		AppStore|Any CPU = AppStore|Any CPU
		AppStore|ARM = AppStore|ARM
		AppStore|iPhone = AppStore|iPhone
		AppStore|iPhoneSimulator = AppStore|iPhoneSimulator
		AppStore|x64 = AppStore|x64
		AppStore|x86 = AppStore|x86
		Debug|Any CPU = Debug|Any CPU
		Debug|ARM = Debug|ARM
		Debug|iPhone = Debug|iPhone
		Debug|iPhoneSimulator = Debug|iPhoneSimulator
		Debug|x64 = Debug|x64
		Debug|x86 = Debug|x86
		Release|Any CPU = Release|Any CPU
		Release|ARM = Release|ARM
		Release|iPhone = Release|iPhone
		Release|iPhoneSimulator = Release|iPhoneSimulator
		Release|x64 = Release|x64
		Release|x86 = Release|x86
	EndGlobalSection
	GlobalSection(ProjectConfigurationPlatforms) = postSolution
		{07085C5B-0BBB-4DEB-B0C1-3F0DB477E93F}.Ad-Hoc|Any CPU.ActiveCfg = Release|iPhoneSimulator
		{07085C5B-0BBB-4DEB-B0C1-3F0DB477E93F}.Ad-Hoc|Any CPU.Build.0 = Release|iPhoneSimulator
		{07085C5B-0BBB-4DEB-B0C1-3F0DB477E93F}.Ad-Hoc|ARM.ActiveCfg = Release|iPhoneSimulator
		{07085C5B-0BBB-4DEB-B0C1-3F0DB477E93F}.Ad-Hoc|ARM.Build.0 = Release|iPhoneSimulator
		{07085C5B-0BBB-4DEB-B0C1-3F0DB477E93F}.Ad-Hoc|iPhone.ActiveCfg = Release|iPhone
		{07085C5B-0BBB-4DEB-B0C1-3F0DB477E93F}.Ad-Hoc|iPhone.Build.0 = Release|iPhone
		{07085C5B-0BBB-4DEB-B0C1-3F0DB477E93F}.Ad-Hoc|iPhoneSimulator.ActiveCfg = Release|iPhoneSimulator
		{07085C5B-0BBB-4DEB-B0C1-3F0DB477E93F}.Ad-Hoc|iPhoneSimulator.Build.0 = Release|iPhoneSimulator
		{07085C5B-0BBB-4DEB-B0C1-3F0DB477E93F}.Ad-Hoc|x64.ActiveCfg = Release|iPhoneSimulator
		{07085C5B-0BBB-4DEB-B0C1-3F0DB477E93F}.Ad-Hoc|x64.Build.0 = Release|iPhoneSimulator
		{07085C5B-0BBB-4DEB-B0C1-3F0DB477E93F}.Ad-Hoc|x86.ActiveCfg = Release|iPhoneSimulator
		{07085C5B-0BBB-4DEB-B0C1-3F0DB477E93F}.Ad-Hoc|x86.Build.0 = Release|iPhoneSimulator
		{07085C5B-0BBB-4DEB-B0C1-3F0DB477E93F}.AppStore|Any CPU.ActiveCfg = Release|iPhoneSimulator
		{07085C5B-0BBB-4DEB-B0C1-3F0DB477E93F}.AppStore|Any CPU.Build.0 = Release|iPhoneSimulator
		{07085C5B-0BBB-4DEB-B0C1-3F0DB477E93F}.AppStore|ARM.ActiveCfg = Release|iPhoneSimulator
		{07085C5B-0BBB-4DEB-B0C1-3F0DB477E93F}.AppStore|ARM.Build.0 = Release|iPhoneSimulator
		{07085C5B-0BBB-4DEB-B0C1-3F0DB477E93F}.AppStore|iPhone.ActiveCfg = Release|iPhone
		{07085C5B-0BBB-4DEB-B0C1-3F0DB477E93F}.AppStore|iPhone.Build.0 = Release|iPhone
		{07085C5B-0BBB-4DEB-B0C1-3F0DB477E93F}.AppStore|iPhoneSimulator.ActiveCfg = Release|iPhoneSimulator
		{07085C5B-0BBB-4DEB-B0C1-3F0DB477E93F}.AppStore|iPhoneSimulator.Build.0 = Release|iPhoneSimulator
		{07085C5B-0BBB-4DEB-B0C1-3F0DB477E93F}.AppStore|x64.ActiveCfg = Release|iPhoneSimulator
		{07085C5B-0BBB-4DEB-B0C1-3F0DB477E93F}.AppStore|x64.Build.0 = Release|iPhoneSimulator
		{07085C5B-0BBB-4DEB-B0C1-3F0DB477E93F}.AppStore|x86.ActiveCfg = Release|iPhoneSimulator
		{07085C5B-0BBB-4DEB-B0C1-3F0DB477E93F}.AppStore|x86.Build.0 = Release|iPhoneSimulator
		{07085C5B-0BBB-4DEB-B0C1-3F0DB477E93F}.Debug|Any CPU.ActiveCfg = Debug|iPhoneSimulator
		{07085C5B-0BBB-4DEB-B0C1-3F0DB477E93F}.Debug|Any CPU.Build.0 = Debug|iPhoneSimulator
		{07085C5B-0BBB-4DEB-B0C1-3F0DB477E93F}.Debug|ARM.ActiveCfg = Debug|iPhone
		{07085C5B-0BBB-4DEB-B0C1-3F0DB477E93F}.Debug|iPhone.ActiveCfg = Debug|iPhone
		{07085C5B-0BBB-4DEB-B0C1-3F0DB477E93F}.Debug|iPhone.Build.0 = Debug|iPhone
		{07085C5B-0BBB-4DEB-B0C1-3F0DB477E93F}.Debug|iPhoneSimulator.ActiveCfg = Debug|iPhoneSimulator
		{07085C5B-0BBB-4DEB-B0C1-3F0DB477E93F}.Debug|iPhoneSimulator.Build.0 = Debug|iPhoneSimulator
		{07085C5B-0BBB-4DEB-B0C1-3F0DB477E93F}.Debug|x64.ActiveCfg = Debug|iPhone
		{07085C5B-0BBB-4DEB-B0C1-3F0DB477E93F}.Debug|x86.ActiveCfg = Debug|iPhone
		{07085C5B-0BBB-4DEB-B0C1-3F0DB477E93F}.Release|Any CPU.ActiveCfg = Release|iPhone
		{07085C5B-0BBB-4DEB-B0C1-3F0DB477E93F}.Release|Any CPU.Build.0 = Release|iPhone
		{07085C5B-0BBB-4DEB-B0C1-3F0DB477E93F}.Release|ARM.ActiveCfg = Release|iPhoneSimulator
		{07085C5B-0BBB-4DEB-B0C1-3F0DB477E93F}.Release|iPhone.ActiveCfg = Release|iPhone
		{07085C5B-0BBB-4DEB-B0C1-3F0DB477E93F}.Release|iPhone.Build.0 = Release|iPhone
		{07085C5B-0BBB-4DEB-B0C1-3F0DB477E93F}.Release|iPhoneSimulator.ActiveCfg = Release|iPhoneSimulator
		{07085C5B-0BBB-4DEB-B0C1-3F0DB477E93F}.Release|iPhoneSimulator.Build.0 = Release|iPhoneSimulator
		{07085C5B-0BBB-4DEB-B0C1-3F0DB477E93F}.Release|x64.ActiveCfg = Release|iPhoneSimulator
		{07085C5B-0BBB-4DEB-B0C1-3F0DB477E93F}.Release|x86.ActiveCfg = Release|iPhoneSimulator
		{0A040E22-3579-4341-B284-08AFC530EA20}.Ad-Hoc|Any CPU.ActiveCfg = Release|Any CPU
		{0A040E22-3579-4341-B284-08AFC530EA20}.Ad-Hoc|Any CPU.Build.0 = Release|Any CPU
		{0A040E22-3579-4341-B284-08AFC530EA20}.Ad-Hoc|ARM.ActiveCfg = Release|Any CPU
		{0A040E22-3579-4341-B284-08AFC530EA20}.Ad-Hoc|ARM.Build.0 = Release|Any CPU
		{0A040E22-3579-4341-B284-08AFC530EA20}.Ad-Hoc|iPhone.ActiveCfg = Release|Any CPU
		{0A040E22-3579-4341-B284-08AFC530EA20}.Ad-Hoc|iPhone.Build.0 = Release|Any CPU
		{0A040E22-3579-4341-B284-08AFC530EA20}.Ad-Hoc|iPhoneSimulator.ActiveCfg = Release|Any CPU
		{0A040E22-3579-4341-B284-08AFC530EA20}.Ad-Hoc|iPhoneSimulator.Build.0 = Release|Any CPU
		{0A040E22-3579-4341-B284-08AFC530EA20}.Ad-Hoc|x64.ActiveCfg = Release|Any CPU
		{0A040E22-3579-4341-B284-08AFC530EA20}.Ad-Hoc|x64.Build.0 = Release|Any CPU
		{0A040E22-3579-4341-B284-08AFC530EA20}.Ad-Hoc|x86.ActiveCfg = Release|Any CPU
		{0A040E22-3579-4341-B284-08AFC530EA20}.Ad-Hoc|x86.Build.0 = Release|Any CPU
		{0A040E22-3579-4341-B284-08AFC530EA20}.AppStore|Any CPU.ActiveCfg = Release|Any CPU
		{0A040E22-3579-4341-B284-08AFC530EA20}.AppStore|Any CPU.Build.0 = Release|Any CPU
		{0A040E22-3579-4341-B284-08AFC530EA20}.AppStore|ARM.ActiveCfg = Release|Any CPU
		{0A040E22-3579-4341-B284-08AFC530EA20}.AppStore|ARM.Build.0 = Release|Any CPU
		{0A040E22-3579-4341-B284-08AFC530EA20}.AppStore|iPhone.ActiveCfg = Release|Any CPU
		{0A040E22-3579-4341-B284-08AFC530EA20}.AppStore|iPhone.Build.0 = Release|Any CPU
		{0A040E22-3579-4341-B284-08AFC530EA20}.AppStore|iPhoneSimulator.ActiveCfg = Release|Any CPU
		{0A040E22-3579-4341-B284-08AFC530EA20}.AppStore|iPhoneSimulator.Build.0 = Release|Any CPU
		{0A040E22-3579-4341-B284-08AFC530EA20}.AppStore|x64.ActiveCfg = Release|Any CPU
		{0A040E22-3579-4341-B284-08AFC530EA20}.AppStore|x64.Build.0 = Release|Any CPU
		{0A040E22-3579-4341-B284-08AFC530EA20}.AppStore|x86.ActiveCfg = Release|Any CPU
		{0A040E22-3579-4341-B284-08AFC530EA20}.AppStore|x86.Build.0 = Release|Any CPU
		{0A040E22-3579-4341-B284-08AFC530EA20}.Debug|Any CPU.ActiveCfg = Debug|Any CPU
		{0A040E22-3579-4341-B284-08AFC530EA20}.Debug|Any CPU.Build.0 = Debug|Any CPU
		{0A040E22-3579-4341-B284-08AFC530EA20}.Debug|ARM.ActiveCfg = Debug|Any CPU
		{0A040E22-3579-4341-B284-08AFC530EA20}.Debug|ARM.Build.0 = Debug|Any CPU
		{0A040E22-3579-4341-B284-08AFC530EA20}.Debug|iPhone.ActiveCfg = Debug|Any CPU
		{0A040E22-3579-4341-B284-08AFC530EA20}.Debug|iPhone.Build.0 = Debug|Any CPU
		{0A040E22-3579-4341-B284-08AFC530EA20}.Debug|iPhoneSimulator.ActiveCfg = Debug|Any CPU
		{0A040E22-3579-4341-B284-08AFC530EA20}.Debug|iPhoneSimulator.Build.0 = Debug|Any CPU
		{0A040E22-3579-4341-B284-08AFC530EA20}.Debug|x64.ActiveCfg = Debug|Any CPU
		{0A040E22-3579-4341-B284-08AFC530EA20}.Debug|x64.Build.0 = Debug|Any CPU
		{0A040E22-3579-4341-B284-08AFC530EA20}.Debug|x86.ActiveCfg = Debug|Any CPU
		{0A040E22-3579-4341-B284-08AFC530EA20}.Debug|x86.Build.0 = Debug|Any CPU
		{0A040E22-3579-4341-B284-08AFC530EA20}.Release|Any CPU.ActiveCfg = Release|Any CPU
		{0A040E22-3579-4341-B284-08AFC530EA20}.Release|Any CPU.Build.0 = Release|Any CPU
		{0A040E22-3579-4341-B284-08AFC530EA20}.Release|ARM.ActiveCfg = Release|Any CPU
		{0A040E22-3579-4341-B284-08AFC530EA20}.Release|ARM.Build.0 = Release|Any CPU
		{0A040E22-3579-4341-B284-08AFC530EA20}.Release|iPhone.ActiveCfg = Release|Any CPU
		{0A040E22-3579-4341-B284-08AFC530EA20}.Release|iPhone.Build.0 = Release|Any CPU
		{0A040E22-3579-4341-B284-08AFC530EA20}.Release|iPhoneSimulator.ActiveCfg = Release|Any CPU
		{0A040E22-3579-4341-B284-08AFC530EA20}.Release|iPhoneSimulator.Build.0 = Release|Any CPU
		{0A040E22-3579-4341-B284-08AFC530EA20}.Release|x64.ActiveCfg = Release|Any CPU
		{0A040E22-3579-4341-B284-08AFC530EA20}.Release|x64.Build.0 = Release|Any CPU
		{0A040E22-3579-4341-B284-08AFC530EA20}.Release|x86.ActiveCfg = Release|Any CPU
		{0A040E22-3579-4341-B284-08AFC530EA20}.Release|x86.Build.0 = Release|Any CPU
		{9BB98853-D799-4D27-8110-EC8877B67143}.Ad-Hoc|Any CPU.ActiveCfg = Release|Any CPU
		{9BB98853-D799-4D27-8110-EC8877B67143}.Ad-Hoc|Any CPU.Build.0 = Release|Any CPU
		{9BB98853-D799-4D27-8110-EC8877B67143}.Ad-Hoc|ARM.ActiveCfg = Release|Any CPU
		{9BB98853-D799-4D27-8110-EC8877B67143}.Ad-Hoc|ARM.Build.0 = Release|Any CPU
		{9BB98853-D799-4D27-8110-EC8877B67143}.Ad-Hoc|iPhone.ActiveCfg = Release|Any CPU
		{9BB98853-D799-4D27-8110-EC8877B67143}.Ad-Hoc|iPhone.Build.0 = Release|Any CPU
		{9BB98853-D799-4D27-8110-EC8877B67143}.Ad-Hoc|iPhoneSimulator.ActiveCfg = Release|Any CPU
		{9BB98853-D799-4D27-8110-EC8877B67143}.Ad-Hoc|iPhoneSimulator.Build.0 = Release|Any CPU
		{9BB98853-D799-4D27-8110-EC8877B67143}.Ad-Hoc|x64.ActiveCfg = Release|Any CPU
		{9BB98853-D799-4D27-8110-EC8877B67143}.Ad-Hoc|x64.Build.0 = Release|Any CPU
		{9BB98853-D799-4D27-8110-EC8877B67143}.Ad-Hoc|x86.ActiveCfg = Release|Any CPU
		{9BB98853-D799-4D27-8110-EC8877B67143}.Ad-Hoc|x86.Build.0 = Release|Any CPU
		{9BB98853-D799-4D27-8110-EC8877B67143}.AppStore|Any CPU.ActiveCfg = Release|Any CPU
		{9BB98853-D799-4D27-8110-EC8877B67143}.AppStore|Any CPU.Build.0 = Release|Any CPU
		{9BB98853-D799-4D27-8110-EC8877B67143}.AppStore|ARM.ActiveCfg = Release|Any CPU
		{9BB98853-D799-4D27-8110-EC8877B67143}.AppStore|ARM.Build.0 = Release|Any CPU
		{9BB98853-D799-4D27-8110-EC8877B67143}.AppStore|iPhone.ActiveCfg = Release|Any CPU
		{9BB98853-D799-4D27-8110-EC8877B67143}.AppStore|iPhone.Build.0 = Release|Any CPU
		{9BB98853-D799-4D27-8110-EC8877B67143}.AppStore|iPhoneSimulator.ActiveCfg = Release|Any CPU
		{9BB98853-D799-4D27-8110-EC8877B67143}.AppStore|iPhoneSimulator.Build.0 = Release|Any CPU
		{9BB98853-D799-4D27-8110-EC8877B67143}.AppStore|x64.ActiveCfg = Release|Any CPU
		{9BB98853-D799-4D27-8110-EC8877B67143}.AppStore|x64.Build.0 = Release|Any CPU
		{9BB98853-D799-4D27-8110-EC8877B67143}.AppStore|x86.ActiveCfg = Release|Any CPU
		{9BB98853-D799-4D27-8110-EC8877B67143}.AppStore|x86.Build.0 = Release|Any CPU
		{9BB98853-D799-4D27-8110-EC8877B67143}.Debug|Any CPU.ActiveCfg = Debug|Any CPU
		{9BB98853-D799-4D27-8110-EC8877B67143}.Debug|Any CPU.Build.0 = Debug|Any CPU
		{9BB98853-D799-4D27-8110-EC8877B67143}.Debug|ARM.ActiveCfg = Debug|Any CPU
		{9BB98853-D799-4D27-8110-EC8877B67143}.Debug|ARM.Build.0 = Debug|Any CPU
		{9BB98853-D799-4D27-8110-EC8877B67143}.Debug|iPhone.ActiveCfg = Debug|Any CPU
		{9BB98853-D799-4D27-8110-EC8877B67143}.Debug|iPhone.Build.0 = Debug|Any CPU
		{9BB98853-D799-4D27-8110-EC8877B67143}.Debug|iPhoneSimulator.ActiveCfg = Debug|Any CPU
		{9BB98853-D799-4D27-8110-EC8877B67143}.Debug|iPhoneSimulator.Build.0 = Debug|Any CPU
		{9BB98853-D799-4D27-8110-EC8877B67143}.Debug|x64.ActiveCfg = Debug|Any CPU
		{9BB98853-D799-4D27-8110-EC8877B67143}.Debug|x64.Build.0 = Debug|Any CPU
		{9BB98853-D799-4D27-8110-EC8877B67143}.Debug|x86.ActiveCfg = Debug|Any CPU
		{9BB98853-D799-4D27-8110-EC8877B67143}.Debug|x86.Build.0 = Debug|Any CPU
		{9BB98853-D799-4D27-8110-EC8877B67143}.Release|Any CPU.ActiveCfg = Release|Any CPU
		{9BB98853-D799-4D27-8110-EC8877B67143}.Release|Any CPU.Build.0 = Release|Any CPU
		{9BB98853-D799-4D27-8110-EC8877B67143}.Release|ARM.ActiveCfg = Release|Any CPU
		{9BB98853-D799-4D27-8110-EC8877B67143}.Release|ARM.Build.0 = Release|Any CPU
		{9BB98853-D799-4D27-8110-EC8877B67143}.Release|iPhone.ActiveCfg = Release|Any CPU
		{9BB98853-D799-4D27-8110-EC8877B67143}.Release|iPhone.Build.0 = Release|Any CPU
		{9BB98853-D799-4D27-8110-EC8877B67143}.Release|iPhoneSimulator.ActiveCfg = Release|Any CPU
		{9BB98853-D799-4D27-8110-EC8877B67143}.Release|iPhoneSimulator.Build.0 = Release|Any CPU
		{9BB98853-D799-4D27-8110-EC8877B67143}.Release|x64.ActiveCfg = Release|Any CPU
		{9BB98853-D799-4D27-8110-EC8877B67143}.Release|x64.Build.0 = Release|Any CPU
		{9BB98853-D799-4D27-8110-EC8877B67143}.Release|x86.ActiveCfg = Release|Any CPU
		{9BB98853-D799-4D27-8110-EC8877B67143}.Release|x86.Build.0 = Release|Any CPU
		{700F7CF4-3064-4145-991E-9276F461EDA6}.Ad-Hoc|Any CPU.ActiveCfg = Release|iPhoneSimulator
		{700F7CF4-3064-4145-991E-9276F461EDA6}.Ad-Hoc|Any CPU.Build.0 = Release|iPhoneSimulator
		{700F7CF4-3064-4145-991E-9276F461EDA6}.Ad-Hoc|ARM.ActiveCfg = Release|iPhoneSimulator
		{700F7CF4-3064-4145-991E-9276F461EDA6}.Ad-Hoc|ARM.Build.0 = Release|iPhoneSimulator
		{700F7CF4-3064-4145-991E-9276F461EDA6}.Ad-Hoc|iPhone.ActiveCfg = Release|iPhone
		{700F7CF4-3064-4145-991E-9276F461EDA6}.Ad-Hoc|iPhone.Build.0 = Release|iPhone
		{700F7CF4-3064-4145-991E-9276F461EDA6}.Ad-Hoc|iPhoneSimulator.ActiveCfg = Release|iPhoneSimulator
		{700F7CF4-3064-4145-991E-9276F461EDA6}.Ad-Hoc|iPhoneSimulator.Build.0 = Release|iPhoneSimulator
		{700F7CF4-3064-4145-991E-9276F461EDA6}.Ad-Hoc|x64.ActiveCfg = Release|iPhoneSimulator
		{700F7CF4-3064-4145-991E-9276F461EDA6}.Ad-Hoc|x64.Build.0 = Release|iPhoneSimulator
		{700F7CF4-3064-4145-991E-9276F461EDA6}.Ad-Hoc|x86.ActiveCfg = Release|iPhoneSimulator
		{700F7CF4-3064-4145-991E-9276F461EDA6}.Ad-Hoc|x86.Build.0 = Release|iPhoneSimulator
		{700F7CF4-3064-4145-991E-9276F461EDA6}.AppStore|Any CPU.ActiveCfg = Release|iPhoneSimulator
		{700F7CF4-3064-4145-991E-9276F461EDA6}.AppStore|Any CPU.Build.0 = Release|iPhoneSimulator
		{700F7CF4-3064-4145-991E-9276F461EDA6}.AppStore|ARM.ActiveCfg = Release|iPhoneSimulator
		{700F7CF4-3064-4145-991E-9276F461EDA6}.AppStore|ARM.Build.0 = Release|iPhoneSimulator
		{700F7CF4-3064-4145-991E-9276F461EDA6}.AppStore|iPhone.ActiveCfg = Release|iPhone
		{700F7CF4-3064-4145-991E-9276F461EDA6}.AppStore|iPhone.Build.0 = Release|iPhone
		{700F7CF4-3064-4145-991E-9276F461EDA6}.AppStore|iPhoneSimulator.ActiveCfg = Release|iPhoneSimulator
		{700F7CF4-3064-4145-991E-9276F461EDA6}.AppStore|iPhoneSimulator.Build.0 = Release|iPhoneSimulator
		{700F7CF4-3064-4145-991E-9276F461EDA6}.AppStore|x64.ActiveCfg = Release|iPhoneSimulator
		{700F7CF4-3064-4145-991E-9276F461EDA6}.AppStore|x64.Build.0 = Release|iPhoneSimulator
		{700F7CF4-3064-4145-991E-9276F461EDA6}.AppStore|x86.ActiveCfg = Release|iPhoneSimulator
		{700F7CF4-3064-4145-991E-9276F461EDA6}.AppStore|x86.Build.0 = Release|iPhoneSimulator
		{700F7CF4-3064-4145-991E-9276F461EDA6}.Debug|Any CPU.ActiveCfg = Debug|iPhoneSimulator
		{700F7CF4-3064-4145-991E-9276F461EDA6}.Debug|Any CPU.Build.0 = Debug|iPhoneSimulator
		{700F7CF4-3064-4145-991E-9276F461EDA6}.Debug|ARM.ActiveCfg = Debug|iPhone
		{700F7CF4-3064-4145-991E-9276F461EDA6}.Debug|iPhone.ActiveCfg = Debug|iPhone
		{700F7CF4-3064-4145-991E-9276F461EDA6}.Debug|iPhone.Build.0 = Debug|iPhone
		{700F7CF4-3064-4145-991E-9276F461EDA6}.Debug|iPhoneSimulator.ActiveCfg = Debug|iPhoneSimulator
		{700F7CF4-3064-4145-991E-9276F461EDA6}.Debug|iPhoneSimulator.Build.0 = Debug|iPhoneSimulator
		{700F7CF4-3064-4145-991E-9276F461EDA6}.Debug|x64.ActiveCfg = Debug|iPhone
		{700F7CF4-3064-4145-991E-9276F461EDA6}.Debug|x86.ActiveCfg = Debug|iPhone
		{700F7CF4-3064-4145-991E-9276F461EDA6}.Release|Any CPU.ActiveCfg = Release|iPhone
		{700F7CF4-3064-4145-991E-9276F461EDA6}.Release|Any CPU.Build.0 = Release|iPhone
		{700F7CF4-3064-4145-991E-9276F461EDA6}.Release|ARM.ActiveCfg = Release|iPhoneSimulator
		{700F7CF4-3064-4145-991E-9276F461EDA6}.Release|iPhone.ActiveCfg = Release|iPhone
		{700F7CF4-3064-4145-991E-9276F461EDA6}.Release|iPhone.Build.0 = Release|iPhone
		{700F7CF4-3064-4145-991E-9276F461EDA6}.Release|iPhoneSimulator.ActiveCfg = Release|iPhoneSimulator
		{700F7CF4-3064-4145-991E-9276F461EDA6}.Release|iPhoneSimulator.Build.0 = Release|iPhoneSimulator
		{700F7CF4-3064-4145-991E-9276F461EDA6}.Release|x64.ActiveCfg = Release|iPhoneSimulator
		{700F7CF4-3064-4145-991E-9276F461EDA6}.Release|x86.ActiveCfg = Release|iPhoneSimulator
		{087B1BDD-0459-4F3C-8F11-3DE60BEC5E1F}.Ad-Hoc|Any CPU.ActiveCfg = Release|Any CPU
		{087B1BDD-0459-4F3C-8F11-3DE60BEC5E1F}.Ad-Hoc|Any CPU.Build.0 = Release|Any CPU
		{087B1BDD-0459-4F3C-8F11-3DE60BEC5E1F}.Ad-Hoc|ARM.ActiveCfg = Release|Any CPU
		{087B1BDD-0459-4F3C-8F11-3DE60BEC5E1F}.Ad-Hoc|ARM.Build.0 = Release|Any CPU
		{087B1BDD-0459-4F3C-8F11-3DE60BEC5E1F}.Ad-Hoc|iPhone.ActiveCfg = Release|Any CPU
		{087B1BDD-0459-4F3C-8F11-3DE60BEC5E1F}.Ad-Hoc|iPhone.Build.0 = Release|Any CPU
		{087B1BDD-0459-4F3C-8F11-3DE60BEC5E1F}.Ad-Hoc|iPhoneSimulator.ActiveCfg = Release|Any CPU
		{087B1BDD-0459-4F3C-8F11-3DE60BEC5E1F}.Ad-Hoc|iPhoneSimulator.Build.0 = Release|Any CPU
		{087B1BDD-0459-4F3C-8F11-3DE60BEC5E1F}.Ad-Hoc|x64.ActiveCfg = Release|Any CPU
		{087B1BDD-0459-4F3C-8F11-3DE60BEC5E1F}.Ad-Hoc|x64.Build.0 = Release|Any CPU
		{087B1BDD-0459-4F3C-8F11-3DE60BEC5E1F}.Ad-Hoc|x86.ActiveCfg = Release|Any CPU
		{087B1BDD-0459-4F3C-8F11-3DE60BEC5E1F}.Ad-Hoc|x86.Build.0 = Release|Any CPU
		{087B1BDD-0459-4F3C-8F11-3DE60BEC5E1F}.AppStore|Any CPU.ActiveCfg = Release|Any CPU
		{087B1BDD-0459-4F3C-8F11-3DE60BEC5E1F}.AppStore|Any CPU.Build.0 = Release|Any CPU
		{087B1BDD-0459-4F3C-8F11-3DE60BEC5E1F}.AppStore|ARM.ActiveCfg = Release|Any CPU
		{087B1BDD-0459-4F3C-8F11-3DE60BEC5E1F}.AppStore|ARM.Build.0 = Release|Any CPU
		{087B1BDD-0459-4F3C-8F11-3DE60BEC5E1F}.AppStore|iPhone.ActiveCfg = Release|Any CPU
		{087B1BDD-0459-4F3C-8F11-3DE60BEC5E1F}.AppStore|iPhone.Build.0 = Release|Any CPU
		{087B1BDD-0459-4F3C-8F11-3DE60BEC5E1F}.AppStore|iPhoneSimulator.ActiveCfg = Release|Any CPU
		{087B1BDD-0459-4F3C-8F11-3DE60BEC5E1F}.AppStore|iPhoneSimulator.Build.0 = Release|Any CPU
		{087B1BDD-0459-4F3C-8F11-3DE60BEC5E1F}.AppStore|x64.ActiveCfg = Release|Any CPU
		{087B1BDD-0459-4F3C-8F11-3DE60BEC5E1F}.AppStore|x64.Build.0 = Release|Any CPU
		{087B1BDD-0459-4F3C-8F11-3DE60BEC5E1F}.AppStore|x86.ActiveCfg = Release|Any CPU
		{087B1BDD-0459-4F3C-8F11-3DE60BEC5E1F}.AppStore|x86.Build.0 = Release|Any CPU
		{087B1BDD-0459-4F3C-8F11-3DE60BEC5E1F}.Debug|Any CPU.ActiveCfg = Debug|Any CPU
		{087B1BDD-0459-4F3C-8F11-3DE60BEC5E1F}.Debug|Any CPU.Build.0 = Debug|Any CPU
		{087B1BDD-0459-4F3C-8F11-3DE60BEC5E1F}.Debug|ARM.ActiveCfg = Debug|Any CPU
		{087B1BDD-0459-4F3C-8F11-3DE60BEC5E1F}.Debug|ARM.Build.0 = Debug|Any CPU
		{087B1BDD-0459-4F3C-8F11-3DE60BEC5E1F}.Debug|iPhone.ActiveCfg = Debug|Any CPU
		{087B1BDD-0459-4F3C-8F11-3DE60BEC5E1F}.Debug|iPhone.Build.0 = Debug|Any CPU
		{087B1BDD-0459-4F3C-8F11-3DE60BEC5E1F}.Debug|iPhoneSimulator.ActiveCfg = Debug|Any CPU
		{087B1BDD-0459-4F3C-8F11-3DE60BEC5E1F}.Debug|iPhoneSimulator.Build.0 = Debug|Any CPU
		{087B1BDD-0459-4F3C-8F11-3DE60BEC5E1F}.Debug|x64.ActiveCfg = Debug|Any CPU
		{087B1BDD-0459-4F3C-8F11-3DE60BEC5E1F}.Debug|x64.Build.0 = Debug|Any CPU
		{087B1BDD-0459-4F3C-8F11-3DE60BEC5E1F}.Debug|x86.ActiveCfg = Debug|Any CPU
		{087B1BDD-0459-4F3C-8F11-3DE60BEC5E1F}.Debug|x86.Build.0 = Debug|Any CPU
		{087B1BDD-0459-4F3C-8F11-3DE60BEC5E1F}.Release|Any CPU.ActiveCfg = Release|Any CPU
		{087B1BDD-0459-4F3C-8F11-3DE60BEC5E1F}.Release|Any CPU.Build.0 = Release|Any CPU
		{087B1BDD-0459-4F3C-8F11-3DE60BEC5E1F}.Release|ARM.ActiveCfg = Release|Any CPU
		{087B1BDD-0459-4F3C-8F11-3DE60BEC5E1F}.Release|ARM.Build.0 = Release|Any CPU
		{087B1BDD-0459-4F3C-8F11-3DE60BEC5E1F}.Release|iPhone.ActiveCfg = Release|Any CPU
		{087B1BDD-0459-4F3C-8F11-3DE60BEC5E1F}.Release|iPhone.Build.0 = Release|Any CPU
		{087B1BDD-0459-4F3C-8F11-3DE60BEC5E1F}.Release|iPhoneSimulator.ActiveCfg = Release|Any CPU
		{087B1BDD-0459-4F3C-8F11-3DE60BEC5E1F}.Release|iPhoneSimulator.Build.0 = Release|Any CPU
		{087B1BDD-0459-4F3C-8F11-3DE60BEC5E1F}.Release|x64.ActiveCfg = Release|Any CPU
		{087B1BDD-0459-4F3C-8F11-3DE60BEC5E1F}.Release|x64.Build.0 = Release|Any CPU
		{087B1BDD-0459-4F3C-8F11-3DE60BEC5E1F}.Release|x86.ActiveCfg = Release|Any CPU
		{087B1BDD-0459-4F3C-8F11-3DE60BEC5E1F}.Release|x86.Build.0 = Release|Any CPU
		{2DB9479D-B126-4E3F-8B7F-9909C3375CFE}.Ad-Hoc|Any CPU.ActiveCfg = Release|iPhoneSimulator
		{2DB9479D-B126-4E3F-8B7F-9909C3375CFE}.Ad-Hoc|Any CPU.Build.0 = Release|iPhoneSimulator
		{2DB9479D-B126-4E3F-8B7F-9909C3375CFE}.Ad-Hoc|ARM.ActiveCfg = Release|iPhoneSimulator
		{2DB9479D-B126-4E3F-8B7F-9909C3375CFE}.Ad-Hoc|ARM.Build.0 = Release|iPhoneSimulator
		{2DB9479D-B126-4E3F-8B7F-9909C3375CFE}.Ad-Hoc|iPhone.ActiveCfg = Release|iPhone
		{2DB9479D-B126-4E3F-8B7F-9909C3375CFE}.Ad-Hoc|iPhone.Build.0 = Release|iPhone
		{2DB9479D-B126-4E3F-8B7F-9909C3375CFE}.Ad-Hoc|iPhoneSimulator.ActiveCfg = Release|iPhoneSimulator
		{2DB9479D-B126-4E3F-8B7F-9909C3375CFE}.Ad-Hoc|iPhoneSimulator.Build.0 = Release|iPhoneSimulator
		{2DB9479D-B126-4E3F-8B7F-9909C3375CFE}.Ad-Hoc|x64.ActiveCfg = Release|iPhoneSimulator
		{2DB9479D-B126-4E3F-8B7F-9909C3375CFE}.Ad-Hoc|x64.Build.0 = Release|iPhoneSimulator
		{2DB9479D-B126-4E3F-8B7F-9909C3375CFE}.Ad-Hoc|x86.ActiveCfg = Release|iPhoneSimulator
		{2DB9479D-B126-4E3F-8B7F-9909C3375CFE}.Ad-Hoc|x86.Build.0 = Release|iPhoneSimulator
		{2DB9479D-B126-4E3F-8B7F-9909C3375CFE}.AppStore|Any CPU.ActiveCfg = Release|iPhoneSimulator
		{2DB9479D-B126-4E3F-8B7F-9909C3375CFE}.AppStore|Any CPU.Build.0 = Release|iPhoneSimulator
		{2DB9479D-B126-4E3F-8B7F-9909C3375CFE}.AppStore|ARM.ActiveCfg = Release|iPhoneSimulator
		{2DB9479D-B126-4E3F-8B7F-9909C3375CFE}.AppStore|ARM.Build.0 = Release|iPhoneSimulator
		{2DB9479D-B126-4E3F-8B7F-9909C3375CFE}.AppStore|iPhone.ActiveCfg = Release|iPhone
		{2DB9479D-B126-4E3F-8B7F-9909C3375CFE}.AppStore|iPhone.Build.0 = Release|iPhone
		{2DB9479D-B126-4E3F-8B7F-9909C3375CFE}.AppStore|iPhoneSimulator.ActiveCfg = Release|iPhoneSimulator
		{2DB9479D-B126-4E3F-8B7F-9909C3375CFE}.AppStore|iPhoneSimulator.Build.0 = Release|iPhoneSimulator
		{2DB9479D-B126-4E3F-8B7F-9909C3375CFE}.AppStore|x64.ActiveCfg = Release|iPhoneSimulator
		{2DB9479D-B126-4E3F-8B7F-9909C3375CFE}.AppStore|x64.Build.0 = Release|iPhoneSimulator
		{2DB9479D-B126-4E3F-8B7F-9909C3375CFE}.AppStore|x86.ActiveCfg = Release|iPhoneSimulator
		{2DB9479D-B126-4E3F-8B7F-9909C3375CFE}.AppStore|x86.Build.0 = Release|iPhoneSimulator
		{2DB9479D-B126-4E3F-8B7F-9909C3375CFE}.Debug|Any CPU.ActiveCfg = Debug|iPhoneSimulator
		{2DB9479D-B126-4E3F-8B7F-9909C3375CFE}.Debug|Any CPU.Build.0 = Debug|iPhoneSimulator
		{2DB9479D-B126-4E3F-8B7F-9909C3375CFE}.Debug|ARM.ActiveCfg = Debug|iPhone
		{2DB9479D-B126-4E3F-8B7F-9909C3375CFE}.Debug|ARM.Build.0 = Debug|iPhone
		{2DB9479D-B126-4E3F-8B7F-9909C3375CFE}.Debug|iPhone.ActiveCfg = Debug|iPhone
		{2DB9479D-B126-4E3F-8B7F-9909C3375CFE}.Debug|iPhone.Build.0 = Debug|iPhone
		{2DB9479D-B126-4E3F-8B7F-9909C3375CFE}.Debug|iPhoneSimulator.ActiveCfg = Debug|iPhoneSimulator
		{2DB9479D-B126-4E3F-8B7F-9909C3375CFE}.Debug|iPhoneSimulator.Build.0 = Debug|iPhoneSimulator
		{2DB9479D-B126-4E3F-8B7F-9909C3375CFE}.Debug|x64.ActiveCfg = Debug|iPhone
		{2DB9479D-B126-4E3F-8B7F-9909C3375CFE}.Debug|x64.Build.0 = Debug|iPhone
		{2DB9479D-B126-4E3F-8B7F-9909C3375CFE}.Debug|x86.ActiveCfg = Debug|iPhone
		{2DB9479D-B126-4E3F-8B7F-9909C3375CFE}.Debug|x86.Build.0 = Debug|iPhone
		{2DB9479D-B126-4E3F-8B7F-9909C3375CFE}.Release|Any CPU.ActiveCfg = Release|iPhone
		{2DB9479D-B126-4E3F-8B7F-9909C3375CFE}.Release|Any CPU.Build.0 = Release|iPhone
		{2DB9479D-B126-4E3F-8B7F-9909C3375CFE}.Release|ARM.ActiveCfg = Release|iPhoneSimulator
		{2DB9479D-B126-4E3F-8B7F-9909C3375CFE}.Release|ARM.Build.0 = Release|iPhoneSimulator
		{2DB9479D-B126-4E3F-8B7F-9909C3375CFE}.Release|iPhone.ActiveCfg = Release|iPhone
		{2DB9479D-B126-4E3F-8B7F-9909C3375CFE}.Release|iPhone.Build.0 = Release|iPhone
		{2DB9479D-B126-4E3F-8B7F-9909C3375CFE}.Release|iPhoneSimulator.ActiveCfg = Release|iPhoneSimulator
		{2DB9479D-B126-4E3F-8B7F-9909C3375CFE}.Release|iPhoneSimulator.Build.0 = Release|iPhoneSimulator
		{2DB9479D-B126-4E3F-8B7F-9909C3375CFE}.Release|x64.ActiveCfg = Release|iPhoneSimulator
		{2DB9479D-B126-4E3F-8B7F-9909C3375CFE}.Release|x64.Build.0 = Release|iPhoneSimulator
		{2DB9479D-B126-4E3F-8B7F-9909C3375CFE}.Release|x86.ActiveCfg = Release|iPhoneSimulator
		{2DB9479D-B126-4E3F-8B7F-9909C3375CFE}.Release|x86.Build.0 = Release|iPhoneSimulator
		{D65E203D-F3BF-4B45-854D-8A32A6B6070A}.Ad-Hoc|Any CPU.ActiveCfg = Release|Any CPU
		{D65E203D-F3BF-4B45-854D-8A32A6B6070A}.Ad-Hoc|Any CPU.Build.0 = Release|Any CPU
		{D65E203D-F3BF-4B45-854D-8A32A6B6070A}.Ad-Hoc|ARM.ActiveCfg = Release|Any CPU
		{D65E203D-F3BF-4B45-854D-8A32A6B6070A}.Ad-Hoc|ARM.Build.0 = Release|Any CPU
		{D65E203D-F3BF-4B45-854D-8A32A6B6070A}.Ad-Hoc|iPhone.ActiveCfg = Release|Any CPU
		{D65E203D-F3BF-4B45-854D-8A32A6B6070A}.Ad-Hoc|iPhone.Build.0 = Release|Any CPU
		{D65E203D-F3BF-4B45-854D-8A32A6B6070A}.Ad-Hoc|iPhoneSimulator.ActiveCfg = Release|Any CPU
		{D65E203D-F3BF-4B45-854D-8A32A6B6070A}.Ad-Hoc|iPhoneSimulator.Build.0 = Release|Any CPU
		{D65E203D-F3BF-4B45-854D-8A32A6B6070A}.Ad-Hoc|x64.ActiveCfg = Release|Any CPU
		{D65E203D-F3BF-4B45-854D-8A32A6B6070A}.Ad-Hoc|x64.Build.0 = Release|Any CPU
		{D65E203D-F3BF-4B45-854D-8A32A6B6070A}.Ad-Hoc|x86.ActiveCfg = Release|Any CPU
		{D65E203D-F3BF-4B45-854D-8A32A6B6070A}.Ad-Hoc|x86.Build.0 = Release|Any CPU
		{D65E203D-F3BF-4B45-854D-8A32A6B6070A}.AppStore|Any CPU.ActiveCfg = Release|Any CPU
		{D65E203D-F3BF-4B45-854D-8A32A6B6070A}.AppStore|Any CPU.Build.0 = Release|Any CPU
		{D65E203D-F3BF-4B45-854D-8A32A6B6070A}.AppStore|ARM.ActiveCfg = Release|Any CPU
		{D65E203D-F3BF-4B45-854D-8A32A6B6070A}.AppStore|ARM.Build.0 = Release|Any CPU
		{D65E203D-F3BF-4B45-854D-8A32A6B6070A}.AppStore|iPhone.ActiveCfg = Release|Any CPU
		{D65E203D-F3BF-4B45-854D-8A32A6B6070A}.AppStore|iPhone.Build.0 = Release|Any CPU
		{D65E203D-F3BF-4B45-854D-8A32A6B6070A}.AppStore|iPhoneSimulator.ActiveCfg = Release|Any CPU
		{D65E203D-F3BF-4B45-854D-8A32A6B6070A}.AppStore|iPhoneSimulator.Build.0 = Release|Any CPU
		{D65E203D-F3BF-4B45-854D-8A32A6B6070A}.AppStore|x64.ActiveCfg = Release|Any CPU
		{D65E203D-F3BF-4B45-854D-8A32A6B6070A}.AppStore|x64.Build.0 = Release|Any CPU
		{D65E203D-F3BF-4B45-854D-8A32A6B6070A}.AppStore|x86.ActiveCfg = Release|Any CPU
		{D65E203D-F3BF-4B45-854D-8A32A6B6070A}.AppStore|x86.Build.0 = Release|Any CPU
		{D65E203D-F3BF-4B45-854D-8A32A6B6070A}.Debug|Any CPU.ActiveCfg = Debug|Any CPU
		{D65E203D-F3BF-4B45-854D-8A32A6B6070A}.Debug|Any CPU.Build.0 = Debug|Any CPU
		{D65E203D-F3BF-4B45-854D-8A32A6B6070A}.Debug|ARM.ActiveCfg = Debug|Any CPU
		{D65E203D-F3BF-4B45-854D-8A32A6B6070A}.Debug|ARM.Build.0 = Debug|Any CPU
		{D65E203D-F3BF-4B45-854D-8A32A6B6070A}.Debug|iPhone.ActiveCfg = Debug|Any CPU
		{D65E203D-F3BF-4B45-854D-8A32A6B6070A}.Debug|iPhone.Build.0 = Debug|Any CPU
		{D65E203D-F3BF-4B45-854D-8A32A6B6070A}.Debug|iPhoneSimulator.ActiveCfg = Debug|Any CPU
		{D65E203D-F3BF-4B45-854D-8A32A6B6070A}.Debug|iPhoneSimulator.Build.0 = Debug|Any CPU
		{D65E203D-F3BF-4B45-854D-8A32A6B6070A}.Debug|x64.ActiveCfg = Debug|Any CPU
		{D65E203D-F3BF-4B45-854D-8A32A6B6070A}.Debug|x64.Build.0 = Debug|Any CPU
		{D65E203D-F3BF-4B45-854D-8A32A6B6070A}.Debug|x86.ActiveCfg = Debug|Any CPU
		{D65E203D-F3BF-4B45-854D-8A32A6B6070A}.Debug|x86.Build.0 = Debug|Any CPU
		{D65E203D-F3BF-4B45-854D-8A32A6B6070A}.Release|Any CPU.ActiveCfg = Release|Any CPU
		{D65E203D-F3BF-4B45-854D-8A32A6B6070A}.Release|Any CPU.Build.0 = Release|Any CPU
		{D65E203D-F3BF-4B45-854D-8A32A6B6070A}.Release|ARM.ActiveCfg = Release|Any CPU
		{D65E203D-F3BF-4B45-854D-8A32A6B6070A}.Release|ARM.Build.0 = Release|Any CPU
		{D65E203D-F3BF-4B45-854D-8A32A6B6070A}.Release|iPhone.ActiveCfg = Release|Any CPU
		{D65E203D-F3BF-4B45-854D-8A32A6B6070A}.Release|iPhone.Build.0 = Release|Any CPU
		{D65E203D-F3BF-4B45-854D-8A32A6B6070A}.Release|iPhoneSimulator.ActiveCfg = Release|Any CPU
		{D65E203D-F3BF-4B45-854D-8A32A6B6070A}.Release|iPhoneSimulator.Build.0 = Release|Any CPU
		{D65E203D-F3BF-4B45-854D-8A32A6B6070A}.Release|x64.ActiveCfg = Release|Any CPU
		{D65E203D-F3BF-4B45-854D-8A32A6B6070A}.Release|x64.Build.0 = Release|Any CPU
		{D65E203D-F3BF-4B45-854D-8A32A6B6070A}.Release|x86.ActiveCfg = Release|Any CPU
		{D65E203D-F3BF-4B45-854D-8A32A6B6070A}.Release|x86.Build.0 = Release|Any CPU
	EndGlobalSection
	GlobalSection(SolutionProperties) = preSolution
		HideSolutionNode = FALSE
	EndGlobalSection
EndGlobal
