Microsoft Visual Studio Solution File, Format Version 12.00
# Visual Studio 15
VisualStudioVersion = 15.0.26403.0
MinimumVisualStudioVersion = 10.0.40219.1
Project("{FAE04EC0-301F-11D3-BF4B-00C04F79EFBC}") = "Topichat.iOS", "iOS\Topichat.iOS.csproj", "{07085C5B-0BBB-4DEB-B0C1-3F0DB477E93F}"
EndProject
Project("{FAE04EC0-301F-11D3-BF4B-00C04F79EFBC}") = "Topichat.Core", "Core\Topichat.Core.csproj", "{0A040E22-3579-4341-B284-08AFC530EA20}"
EndProject
Project("{FAE04EC0-301F-11D3-BF4B-00C04F79EFBC}") = "Topichat.Core.UnitTest", "Core.UnitTest\Topichat.Core.UnitTest.csproj", "{9BB98853-D799-4D27-8110-EC8877B67143}"
EndProject
Project("{D954291E-2A0B-460D-934E-DC6B0785DB48}") = "Topichat.Shared", "Shared\Topichat.Shared.shproj", "{3BD3430D-EDE5-4402-887E-4B8A1A7EB54C}"
EndProject
Project("{D954291E-2A0B-460D-934E-DC6B0785DB48}") = "Topichat.Shared.UnitTest", "Shared.UnitTest\Topichat.Shared.UnitTest.shproj", "{8924E299-FDBB-403A-BC8B-06E172836773}"
EndProject
Project("{FAE04EC0-301F-11D3-BF4B-00C04F79EFBC}") = "Topichat.iOS.UnitTest", "iOS.UnitTest\Topichat.iOS.UnitTest.csproj", "{700F7CF4-3064-4145-991E-9276F461EDA6}"
EndProject
Project("{FAE04EC0-301F-11D3-BF4B-00C04F79EFBC}") = "UI.Android", "UI\UI.Android\UI.Android.csproj", "{18986806-4FD8-484F-B1FA-6B68C9A316F3}"
EndProject
Project("{FAE04EC0-301F-11D3-BF4B-00C04F79EFBC}") = "UI", "UI\UI\UI.csproj", "{865F63A2-BD3A-4FC7-9EED-4DBB281C6E23}"
EndProject
Project("{FAE04EC0-301F-11D3-BF4B-00C04F79EFBC}") = "UI.UWP", "UI\UI.UWP\UI.UWP.csproj", "{D04E8246-CEB7-4A6B-8845-9064BDF3722E}"
EndProject
Project("{FAE04EC0-301F-11D3-BF4B-00C04F79EFBC}") = "UI.iOS", "UI\UI.iOS\UI.iOS.csproj", "{2F49A098-35CD-4B7F-8FD5-D5A76BC5206F}"
EndProject
Global
	GlobalSection(SharedMSBuildProjectFiles) = preSolution
		Shared\Topichat.Shared.projitems*{07085c5b-0bbb-4deb-b0c1-3f0db477e93f}*SharedItemsImports = 4
		Shared\Topichat.Shared.projitems*{3bd3430d-ede5-4402-887e-4b8a1a7eb54c}*SharedItemsImports = 13
		Shared.UnitTest\Topichat.Shared.UnitTest.projitems*{700f7cf4-3064-4145-991e-9276f461eda6}*SharedItemsImports = 4
		Shared.UnitTest\Topichat.Shared.UnitTest.projitems*{8924e299-fdbb-403a-bc8b-06e172836773}*SharedItemsImports = 13
	EndGlobalSection
	GlobalSection(SolutionConfigurationPlatforms) = preSolution
		Ad-Hoc|Any CPU = Ad-Hoc|Any CPU
		Ad-Hoc|ARM = Ad-Hoc|ARM
		Ad-Hoc|iPhone = Ad-Hoc|iPhone
		Ad-Hoc|iPhoneSimulator = Ad-Hoc|iPhoneSimulator
		Ad-Hoc|x64 = Ad-Hoc|x64
		Ad-Hoc|x86 = Ad-Hoc|x86
		AppStore|Any CPU = AppStore|Any CPU
		AppStore|ARM = AppStore|ARM
		AppStore|iPhone = AppStore|iPhone
		AppStore|iPhoneSimulator = AppStore|iPhoneSimulator
		AppStore|x64 = AppStore|x64
		AppStore|x86 = AppStore|x86
		Debug|Any CPU = Debug|Any CPU
		Debug|ARM = Debug|ARM
		Debug|iPhone = Debug|iPhone
		Debug|iPhoneSimulator = Debug|iPhoneSimulator
		Debug|x64 = Debug|x64
		Debug|x86 = Debug|x86
		Release|Any CPU = Release|Any CPU
		Release|ARM = Release|ARM
		Release|iPhone = Release|iPhone
		Release|iPhoneSimulator = Release|iPhoneSimulator
		Release|x64 = Release|x64
		Release|x86 = Release|x86
	EndGlobalSection
	GlobalSection(ProjectConfigurationPlatforms) = postSolution
		{07085C5B-0BBB-4DEB-B0C1-3F0DB477E93F}.Ad-Hoc|Any CPU.ActiveCfg = Release|iPhoneSimulator
		{07085C5B-0BBB-4DEB-B0C1-3F0DB477E93F}.Ad-Hoc|Any CPU.Build.0 = Release|iPhoneSimulator
		{07085C5B-0BBB-4DEB-B0C1-3F0DB477E93F}.Ad-Hoc|ARM.ActiveCfg = Release|iPhoneSimulator
		{07085C5B-0BBB-4DEB-B0C1-3F0DB477E93F}.Ad-Hoc|ARM.Build.0 = Release|iPhoneSimulator
		{07085C5B-0BBB-4DEB-B0C1-3F0DB477E93F}.Ad-Hoc|iPhone.ActiveCfg = Release|iPhone
		{07085C5B-0BBB-4DEB-B0C1-3F0DB477E93F}.Ad-Hoc|iPhone.Build.0 = Release|iPhone
		{07085C5B-0BBB-4DEB-B0C1-3F0DB477E93F}.Ad-Hoc|iPhoneSimulator.ActiveCfg = Release|iPhoneSimulator
		{07085C5B-0BBB-4DEB-B0C1-3F0DB477E93F}.Ad-Hoc|iPhoneSimulator.Build.0 = Release|iPhoneSimulator
		{07085C5B-0BBB-4DEB-B0C1-3F0DB477E93F}.Ad-Hoc|x64.ActiveCfg = Release|iPhoneSimulator
		{07085C5B-0BBB-4DEB-B0C1-3F0DB477E93F}.Ad-Hoc|x64.Build.0 = Release|iPhoneSimulator
		{07085C5B-0BBB-4DEB-B0C1-3F0DB477E93F}.Ad-Hoc|x86.ActiveCfg = Release|iPhoneSimulator
		{07085C5B-0BBB-4DEB-B0C1-3F0DB477E93F}.Ad-Hoc|x86.Build.0 = Release|iPhoneSimulator
		{07085C5B-0BBB-4DEB-B0C1-3F0DB477E93F}.AppStore|Any CPU.ActiveCfg = Release|iPhoneSimulator
		{07085C5B-0BBB-4DEB-B0C1-3F0DB477E93F}.AppStore|Any CPU.Build.0 = Release|iPhoneSimulator
		{07085C5B-0BBB-4DEB-B0C1-3F0DB477E93F}.AppStore|ARM.ActiveCfg = Release|iPhoneSimulator
		{07085C5B-0BBB-4DEB-B0C1-3F0DB477E93F}.AppStore|ARM.Build.0 = Release|iPhoneSimulator
		{07085C5B-0BBB-4DEB-B0C1-3F0DB477E93F}.AppStore|iPhone.ActiveCfg = Release|iPhone
		{07085C5B-0BBB-4DEB-B0C1-3F0DB477E93F}.AppStore|iPhone.Build.0 = Release|iPhone
		{07085C5B-0BBB-4DEB-B0C1-3F0DB477E93F}.AppStore|iPhoneSimulator.ActiveCfg = Release|iPhoneSimulator
		{07085C5B-0BBB-4DEB-B0C1-3F0DB477E93F}.AppStore|iPhoneSimulator.Build.0 = Release|iPhoneSimulator
		{07085C5B-0BBB-4DEB-B0C1-3F0DB477E93F}.AppStore|x64.ActiveCfg = Release|iPhoneSimulator
		{07085C5B-0BBB-4DEB-B0C1-3F0DB477E93F}.AppStore|x64.Build.0 = Release|iPhoneSimulator
		{07085C5B-0BBB-4DEB-B0C1-3F0DB477E93F}.AppStore|x86.ActiveCfg = Release|iPhoneSimulator
		{07085C5B-0BBB-4DEB-B0C1-3F0DB477E93F}.AppStore|x86.Build.0 = Release|iPhoneSimulator
		{07085C5B-0BBB-4DEB-B0C1-3F0DB477E93F}.Debug|Any CPU.ActiveCfg = Debug|iPhoneSimulator
		{07085C5B-0BBB-4DEB-B0C1-3F0DB477E93F}.Debug|Any CPU.Build.0 = Debug|iPhoneSimulator
		{07085C5B-0BBB-4DEB-B0C1-3F0DB477E93F}.Debug|ARM.ActiveCfg = Debug|iPhone
		{07085C5B-0BBB-4DEB-B0C1-3F0DB477E93F}.Debug|iPhone.ActiveCfg = Debug|iPhone
		{07085C5B-0BBB-4DEB-B0C1-3F0DB477E93F}.Debug|iPhone.Build.0 = Debug|iPhone
		{07085C5B-0BBB-4DEB-B0C1-3F0DB477E93F}.Debug|iPhoneSimulator.ActiveCfg = Debug|iPhoneSimulator
		{07085C5B-0BBB-4DEB-B0C1-3F0DB477E93F}.Debug|iPhoneSimulator.Build.0 = Debug|iPhoneSimulator
		{07085C5B-0BBB-4DEB-B0C1-3F0DB477E93F}.Debug|x64.ActiveCfg = Debug|iPhone
		{07085C5B-0BBB-4DEB-B0C1-3F0DB477E93F}.Debug|x86.ActiveCfg = Debug|iPhone
		{07085C5B-0BBB-4DEB-B0C1-3F0DB477E93F}.Release|Any CPU.ActiveCfg = Release|iPhone
		{07085C5B-0BBB-4DEB-B0C1-3F0DB477E93F}.Release|Any CPU.Build.0 = Release|iPhone
		{07085C5B-0BBB-4DEB-B0C1-3F0DB477E93F}.Release|ARM.ActiveCfg = Release|iPhoneSimulator
		{07085C5B-0BBB-4DEB-B0C1-3F0DB477E93F}.Release|iPhone.ActiveCfg = Release|iPhone
		{07085C5B-0BBB-4DEB-B0C1-3F0DB477E93F}.Release|iPhone.Build.0 = Release|iPhone
		{07085C5B-0BBB-4DEB-B0C1-3F0DB477E93F}.Release|iPhoneSimulator.ActiveCfg = Release|iPhoneSimulator
		{07085C5B-0BBB-4DEB-B0C1-3F0DB477E93F}.Release|iPhoneSimulator.Build.0 = Release|iPhoneSimulator
		{07085C5B-0BBB-4DEB-B0C1-3F0DB477E93F}.Release|x64.ActiveCfg = Release|iPhoneSimulator
		{07085C5B-0BBB-4DEB-B0C1-3F0DB477E93F}.Release|x86.ActiveCfg = Release|iPhoneSimulator
		{0A040E22-3579-4341-B284-08AFC530EA20}.Ad-Hoc|Any CPU.ActiveCfg = Release|Any CPU
		{0A040E22-3579-4341-B284-08AFC530EA20}.Ad-Hoc|Any CPU.Build.0 = Release|Any CPU
		{0A040E22-3579-4341-B284-08AFC530EA20}.Ad-Hoc|ARM.ActiveCfg = Release|Any CPU
		{0A040E22-3579-4341-B284-08AFC530EA20}.Ad-Hoc|ARM.Build.0 = Release|Any CPU
		{0A040E22-3579-4341-B284-08AFC530EA20}.Ad-Hoc|iPhone.ActiveCfg = Release|Any CPU
		{0A040E22-3579-4341-B284-08AFC530EA20}.Ad-Hoc|iPhone.Build.0 = Release|Any CPU
		{0A040E22-3579-4341-B284-08AFC530EA20}.Ad-Hoc|iPhoneSimulator.ActiveCfg = Release|Any CPU
		{0A040E22-3579-4341-B284-08AFC530EA20}.Ad-Hoc|iPhoneSimulator.Build.0 = Release|Any CPU
		{0A040E22-3579-4341-B284-08AFC530EA20}.Ad-Hoc|x64.ActiveCfg = Release|Any CPU
		{0A040E22-3579-4341-B284-08AFC530EA20}.Ad-Hoc|x64.Build.0 = Release|Any CPU
		{0A040E22-3579-4341-B284-08AFC530EA20}.Ad-Hoc|x86.ActiveCfg = Release|Any CPU
		{0A040E22-3579-4341-B284-08AFC530EA20}.Ad-Hoc|x86.Build.0 = Release|Any CPU
		{0A040E22-3579-4341-B284-08AFC530EA20}.AppStore|Any CPU.ActiveCfg = Release|Any CPU
		{0A040E22-3579-4341-B284-08AFC530EA20}.AppStore|Any CPU.Build.0 = Release|Any CPU
		{0A040E22-3579-4341-B284-08AFC530EA20}.AppStore|ARM.ActiveCfg = Release|Any CPU
		{0A040E22-3579-4341-B284-08AFC530EA20}.AppStore|ARM.Build.0 = Release|Any CPU
		{0A040E22-3579-4341-B284-08AFC530EA20}.AppStore|iPhone.ActiveCfg = Release|Any CPU
		{0A040E22-3579-4341-B284-08AFC530EA20}.AppStore|iPhone.Build.0 = Release|Any CPU
		{0A040E22-3579-4341-B284-08AFC530EA20}.AppStore|iPhoneSimulator.ActiveCfg = Release|Any CPU
		{0A040E22-3579-4341-B284-08AFC530EA20}.AppStore|iPhoneSimulator.Build.0 = Release|Any CPU
		{0A040E22-3579-4341-B284-08AFC530EA20}.AppStore|x64.ActiveCfg = Release|Any CPU
		{0A040E22-3579-4341-B284-08AFC530EA20}.AppStore|x64.Build.0 = Release|Any CPU
		{0A040E22-3579-4341-B284-08AFC530EA20}.AppStore|x86.ActiveCfg = Release|Any CPU
		{0A040E22-3579-4341-B284-08AFC530EA20}.AppStore|x86.Build.0 = Release|Any CPU
		{0A040E22-3579-4341-B284-08AFC530EA20}.Debug|Any CPU.ActiveCfg = Debug|Any CPU
		{0A040E22-3579-4341-B284-08AFC530EA20}.Debug|Any CPU.Build.0 = Debug|Any CPU
		{0A040E22-3579-4341-B284-08AFC530EA20}.Debug|ARM.ActiveCfg = Debug|Any CPU
		{0A040E22-3579-4341-B284-08AFC530EA20}.Debug|ARM.Build.0 = Debug|Any CPU
		{0A040E22-3579-4341-B284-08AFC530EA20}.Debug|iPhone.ActiveCfg = Debug|Any CPU
		{0A040E22-3579-4341-B284-08AFC530EA20}.Debug|iPhone.Build.0 = Debug|Any CPU
		{0A040E22-3579-4341-B284-08AFC530EA20}.Debug|iPhoneSimulator.ActiveCfg = Debug|Any CPU
		{0A040E22-3579-4341-B284-08AFC530EA20}.Debug|iPhoneSimulator.Build.0 = Debug|Any CPU
		{0A040E22-3579-4341-B284-08AFC530EA20}.Debug|x64.ActiveCfg = Debug|Any CPU
		{0A040E22-3579-4341-B284-08AFC530EA20}.Debug|x64.Build.0 = Debug|Any CPU
		{0A040E22-3579-4341-B284-08AFC530EA20}.Debug|x86.ActiveCfg = Debug|Any CPU
		{0A040E22-3579-4341-B284-08AFC530EA20}.Debug|x86.Build.0 = Debug|Any CPU
		{0A040E22-3579-4341-B284-08AFC530EA20}.Release|Any CPU.ActiveCfg = Release|Any CPU
		{0A040E22-3579-4341-B284-08AFC530EA20}.Release|Any CPU.Build.0 = Release|Any CPU
		{0A040E22-3579-4341-B284-08AFC530EA20}.Release|ARM.ActiveCfg = Release|Any CPU
		{0A040E22-3579-4341-B284-08AFC530EA20}.Release|ARM.Build.0 = Release|Any CPU
		{0A040E22-3579-4341-B284-08AFC530EA20}.Release|iPhone.ActiveCfg = Release|Any CPU
		{0A040E22-3579-4341-B284-08AFC530EA20}.Release|iPhone.Build.0 = Release|Any CPU
		{0A040E22-3579-4341-B284-08AFC530EA20}.Release|iPhoneSimulator.ActiveCfg = Release|Any CPU
		{0A040E22-3579-4341-B284-08AFC530EA20}.Release|iPhoneSimulator.Build.0 = Release|Any CPU
		{0A040E22-3579-4341-B284-08AFC530EA20}.Release|x64.ActiveCfg = Release|Any CPU
		{0A040E22-3579-4341-B284-08AFC530EA20}.Release|x64.Build.0 = Release|Any CPU
		{0A040E22-3579-4341-B284-08AFC530EA20}.Release|x86.ActiveCfg = Release|Any CPU
		{0A040E22-3579-4341-B284-08AFC530EA20}.Release|x86.Build.0 = Release|Any CPU
		{9BB98853-D799-4D27-8110-EC8877B67143}.Ad-Hoc|Any CPU.ActiveCfg = Release|Any CPU
		{9BB98853-D799-4D27-8110-EC8877B67143}.Ad-Hoc|Any CPU.Build.0 = Release|Any CPU
		{9BB98853-D799-4D27-8110-EC8877B67143}.Ad-Hoc|ARM.ActiveCfg = Release|Any CPU
		{9BB98853-D799-4D27-8110-EC8877B67143}.Ad-Hoc|ARM.Build.0 = Release|Any CPU
		{9BB98853-D799-4D27-8110-EC8877B67143}.Ad-Hoc|iPhone.ActiveCfg = Release|Any CPU
		{9BB98853-D799-4D27-8110-EC8877B67143}.Ad-Hoc|iPhone.Build.0 = Release|Any CPU
		{9BB98853-D799-4D27-8110-EC8877B67143}.Ad-Hoc|iPhoneSimulator.ActiveCfg = Release|Any CPU
		{9BB98853-D799-4D27-8110-EC8877B67143}.Ad-Hoc|iPhoneSimulator.Build.0 = Release|Any CPU
		{9BB98853-D799-4D27-8110-EC8877B67143}.Ad-Hoc|x64.ActiveCfg = Release|Any CPU
		{9BB98853-D799-4D27-8110-EC8877B67143}.Ad-Hoc|x64.Build.0 = Release|Any CPU
		{9BB98853-D799-4D27-8110-EC8877B67143}.Ad-Hoc|x86.ActiveCfg = Release|Any CPU
		{9BB98853-D799-4D27-8110-EC8877B67143}.Ad-Hoc|x86.Build.0 = Release|Any CPU
		{9BB98853-D799-4D27-8110-EC8877B67143}.AppStore|Any CPU.ActiveCfg = Release|Any CPU
		{9BB98853-D799-4D27-8110-EC8877B67143}.AppStore|Any CPU.Build.0 = Release|Any CPU
		{9BB98853-D799-4D27-8110-EC8877B67143}.AppStore|ARM.ActiveCfg = Release|Any CPU
		{9BB98853-D799-4D27-8110-EC8877B67143}.AppStore|ARM.Build.0 = Release|Any CPU
		{9BB98853-D799-4D27-8110-EC8877B67143}.AppStore|iPhone.ActiveCfg = Release|Any CPU
		{9BB98853-D799-4D27-8110-EC8877B67143}.AppStore|iPhone.Build.0 = Release|Any CPU
		{9BB98853-D799-4D27-8110-EC8877B67143}.AppStore|iPhoneSimulator.ActiveCfg = Release|Any CPU
		{9BB98853-D799-4D27-8110-EC8877B67143}.AppStore|iPhoneSimulator.Build.0 = Release|Any CPU
		{9BB98853-D799-4D27-8110-EC8877B67143}.AppStore|x64.ActiveCfg = Release|Any CPU
		{9BB98853-D799-4D27-8110-EC8877B67143}.AppStore|x64.Build.0 = Release|Any CPU
		{9BB98853-D799-4D27-8110-EC8877B67143}.AppStore|x86.ActiveCfg = Release|Any CPU
		{9BB98853-D799-4D27-8110-EC8877B67143}.AppStore|x86.Build.0 = Release|Any CPU
		{9BB98853-D799-4D27-8110-EC8877B67143}.Debug|Any CPU.ActiveCfg = Debug|Any CPU
		{9BB98853-D799-4D27-8110-EC8877B67143}.Debug|Any CPU.Build.0 = Debug|Any CPU
		{9BB98853-D799-4D27-8110-EC8877B67143}.Debug|ARM.ActiveCfg = Debug|Any CPU
		{9BB98853-D799-4D27-8110-EC8877B67143}.Debug|ARM.Build.0 = Debug|Any CPU
		{9BB98853-D799-4D27-8110-EC8877B67143}.Debug|iPhone.ActiveCfg = Debug|Any CPU
		{9BB98853-D799-4D27-8110-EC8877B67143}.Debug|iPhone.Build.0 = Debug|Any CPU
		{9BB98853-D799-4D27-8110-EC8877B67143}.Debug|iPhoneSimulator.ActiveCfg = Debug|Any CPU
		{9BB98853-D799-4D27-8110-EC8877B67143}.Debug|iPhoneSimulator.Build.0 = Debug|Any CPU
		{9BB98853-D799-4D27-8110-EC8877B67143}.Debug|x64.ActiveCfg = Debug|Any CPU
		{9BB98853-D799-4D27-8110-EC8877B67143}.Debug|x64.Build.0 = Debug|Any CPU
		{9BB98853-D799-4D27-8110-EC8877B67143}.Debug|x86.ActiveCfg = Debug|Any CPU
		{9BB98853-D799-4D27-8110-EC8877B67143}.Debug|x86.Build.0 = Debug|Any CPU
		{9BB98853-D799-4D27-8110-EC8877B67143}.Release|Any CPU.ActiveCfg = Release|Any CPU
		{9BB98853-D799-4D27-8110-EC8877B67143}.Release|Any CPU.Build.0 = Release|Any CPU
		{9BB98853-D799-4D27-8110-EC8877B67143}.Release|ARM.ActiveCfg = Release|Any CPU
		{9BB98853-D799-4D27-8110-EC8877B67143}.Release|ARM.Build.0 = Release|Any CPU
		{9BB98853-D799-4D27-8110-EC8877B67143}.Release|iPhone.ActiveCfg = Release|Any CPU
		{9BB98853-D799-4D27-8110-EC8877B67143}.Release|iPhone.Build.0 = Release|Any CPU
		{9BB98853-D799-4D27-8110-EC8877B67143}.Release|iPhoneSimulator.ActiveCfg = Release|Any CPU
		{9BB98853-D799-4D27-8110-EC8877B67143}.Release|iPhoneSimulator.Build.0 = Release|Any CPU
		{9BB98853-D799-4D27-8110-EC8877B67143}.Release|x64.ActiveCfg = Release|Any CPU
		{9BB98853-D799-4D27-8110-EC8877B67143}.Release|x64.Build.0 = Release|Any CPU
		{9BB98853-D799-4D27-8110-EC8877B67143}.Release|x86.ActiveCfg = Release|Any CPU
		{9BB98853-D799-4D27-8110-EC8877B67143}.Release|x86.Build.0 = Release|Any CPU
		{700F7CF4-3064-4145-991E-9276F461EDA6}.Ad-Hoc|Any CPU.ActiveCfg = Release|iPhoneSimulator
		{700F7CF4-3064-4145-991E-9276F461EDA6}.Ad-Hoc|Any CPU.Build.0 = Release|iPhoneSimulator
		{700F7CF4-3064-4145-991E-9276F461EDA6}.Ad-Hoc|ARM.ActiveCfg = Release|iPhoneSimulator
		{700F7CF4-3064-4145-991E-9276F461EDA6}.Ad-Hoc|ARM.Build.0 = Release|iPhoneSimulator
		{700F7CF4-3064-4145-991E-9276F461EDA6}.Ad-Hoc|iPhone.ActiveCfg = Release|iPhone
		{700F7CF4-3064-4145-991E-9276F461EDA6}.Ad-Hoc|iPhone.Build.0 = Release|iPhone
		{700F7CF4-3064-4145-991E-9276F461EDA6}.Ad-Hoc|iPhoneSimulator.ActiveCfg = Release|iPhoneSimulator
		{700F7CF4-3064-4145-991E-9276F461EDA6}.Ad-Hoc|iPhoneSimulator.Build.0 = Release|iPhoneSimulator
		{700F7CF4-3064-4145-991E-9276F461EDA6}.Ad-Hoc|x64.ActiveCfg = Release|iPhoneSimulator
		{700F7CF4-3064-4145-991E-9276F461EDA6}.Ad-Hoc|x64.Build.0 = Release|iPhoneSimulator
		{700F7CF4-3064-4145-991E-9276F461EDA6}.Ad-Hoc|x86.ActiveCfg = Release|iPhoneSimulator
		{700F7CF4-3064-4145-991E-9276F461EDA6}.Ad-Hoc|x86.Build.0 = Release|iPhoneSimulator
		{700F7CF4-3064-4145-991E-9276F461EDA6}.AppStore|Any CPU.ActiveCfg = Release|iPhoneSimulator
		{700F7CF4-3064-4145-991E-9276F461EDA6}.AppStore|Any CPU.Build.0 = Release|iPhoneSimulator
		{700F7CF4-3064-4145-991E-9276F461EDA6}.AppStore|ARM.ActiveCfg = Release|iPhoneSimulator
		{700F7CF4-3064-4145-991E-9276F461EDA6}.AppStore|ARM.Build.0 = Release|iPhoneSimulator
		{700F7CF4-3064-4145-991E-9276F461EDA6}.AppStore|iPhone.ActiveCfg = Release|iPhone
		{700F7CF4-3064-4145-991E-9276F461EDA6}.AppStore|iPhone.Build.0 = Release|iPhone
		{700F7CF4-3064-4145-991E-9276F461EDA6}.AppStore|iPhoneSimulator.ActiveCfg = Release|iPhoneSimulator
		{700F7CF4-3064-4145-991E-9276F461EDA6}.AppStore|iPhoneSimulator.Build.0 = Release|iPhoneSimulator
		{700F7CF4-3064-4145-991E-9276F461EDA6}.AppStore|x64.ActiveCfg = Release|iPhoneSimulator
		{700F7CF4-3064-4145-991E-9276F461EDA6}.AppStore|x64.Build.0 = Release|iPhoneSimulator
		{700F7CF4-3064-4145-991E-9276F461EDA6}.AppStore|x86.ActiveCfg = Release|iPhoneSimulator
		{700F7CF4-3064-4145-991E-9276F461EDA6}.AppStore|x86.Build.0 = Release|iPhoneSimulator
		{700F7CF4-3064-4145-991E-9276F461EDA6}.Debug|Any CPU.ActiveCfg = Debug|iPhoneSimulator
		{700F7CF4-3064-4145-991E-9276F461EDA6}.Debug|Any CPU.Build.0 = Debug|iPhoneSimulator
		{700F7CF4-3064-4145-991E-9276F461EDA6}.Debug|ARM.ActiveCfg = Debug|iPhone
		{700F7CF4-3064-4145-991E-9276F461EDA6}.Debug|iPhone.ActiveCfg = Debug|iPhone
		{700F7CF4-3064-4145-991E-9276F461EDA6}.Debug|iPhone.Build.0 = Debug|iPhone
		{700F7CF4-3064-4145-991E-9276F461EDA6}.Debug|iPhoneSimulator.ActiveCfg = Debug|iPhoneSimulator
		{700F7CF4-3064-4145-991E-9276F461EDA6}.Debug|iPhoneSimulator.Build.0 = Debug|iPhoneSimulator
		{700F7CF4-3064-4145-991E-9276F461EDA6}.Debug|x64.ActiveCfg = Debug|iPhone
		{700F7CF4-3064-4145-991E-9276F461EDA6}.Debug|x86.ActiveCfg = Debug|iPhone
		{700F7CF4-3064-4145-991E-9276F461EDA6}.Release|Any CPU.ActiveCfg = Release|iPhone
		{700F7CF4-3064-4145-991E-9276F461EDA6}.Release|Any CPU.Build.0 = Release|iPhone
		{700F7CF4-3064-4145-991E-9276F461EDA6}.Release|ARM.ActiveCfg = Release|iPhoneSimulator
		{700F7CF4-3064-4145-991E-9276F461EDA6}.Release|iPhone.ActiveCfg = Release|iPhone
		{700F7CF4-3064-4145-991E-9276F461EDA6}.Release|iPhone.Build.0 = Release|iPhone
		{700F7CF4-3064-4145-991E-9276F461EDA6}.Release|iPhoneSimulator.ActiveCfg = Release|iPhoneSimulator
		{700F7CF4-3064-4145-991E-9276F461EDA6}.Release|iPhoneSimulator.Build.0 = Release|iPhoneSimulator
		{700F7CF4-3064-4145-991E-9276F461EDA6}.Release|x64.ActiveCfg = Release|iPhoneSimulator
		{700F7CF4-3064-4145-991E-9276F461EDA6}.Release|x86.ActiveCfg = Release|iPhoneSimulator
		{18986806-4FD8-484F-B1FA-6B68C9A316F3}.Ad-Hoc|Any CPU.ActiveCfg = Release|Any CPU
		{18986806-4FD8-484F-B1FA-6B68C9A316F3}.Ad-Hoc|Any CPU.Build.0 = Release|Any CPU
		{18986806-4FD8-484F-B1FA-6B68C9A316F3}.Ad-Hoc|Any CPU.Deploy.0 = Release|Any CPU
		{18986806-4FD8-484F-B1FA-6B68C9A316F3}.Ad-Hoc|ARM.ActiveCfg = Release|Any CPU
		{18986806-4FD8-484F-B1FA-6B68C9A316F3}.Ad-Hoc|ARM.Build.0 = Release|Any CPU
		{18986806-4FD8-484F-B1FA-6B68C9A316F3}.Ad-Hoc|ARM.Deploy.0 = Release|Any CPU
		{18986806-4FD8-484F-B1FA-6B68C9A316F3}.Ad-Hoc|iPhone.ActiveCfg = Release|Any CPU
		{18986806-4FD8-484F-B1FA-6B68C9A316F3}.Ad-Hoc|iPhone.Build.0 = Release|Any CPU
		{18986806-4FD8-484F-B1FA-6B68C9A316F3}.Ad-Hoc|iPhone.Deploy.0 = Release|Any CPU
		{18986806-4FD8-484F-B1FA-6B68C9A316F3}.Ad-Hoc|iPhoneSimulator.ActiveCfg = Release|Any CPU
		{18986806-4FD8-484F-B1FA-6B68C9A316F3}.Ad-Hoc|iPhoneSimulator.Build.0 = Release|Any CPU
		{18986806-4FD8-484F-B1FA-6B68C9A316F3}.Ad-Hoc|iPhoneSimulator.Deploy.0 = Release|Any CPU
		{18986806-4FD8-484F-B1FA-6B68C9A316F3}.Ad-Hoc|x64.ActiveCfg = Release|Any CPU
		{18986806-4FD8-484F-B1FA-6B68C9A316F3}.Ad-Hoc|x64.Build.0 = Release|Any CPU
		{18986806-4FD8-484F-B1FA-6B68C9A316F3}.Ad-Hoc|x64.Deploy.0 = Release|Any CPU
		{18986806-4FD8-484F-B1FA-6B68C9A316F3}.Ad-Hoc|x86.ActiveCfg = Release|Any CPU
		{18986806-4FD8-484F-B1FA-6B68C9A316F3}.Ad-Hoc|x86.Build.0 = Release|Any CPU
		{18986806-4FD8-484F-B1FA-6B68C9A316F3}.Ad-Hoc|x86.Deploy.0 = Release|Any CPU
		{18986806-4FD8-484F-B1FA-6B68C9A316F3}.AppStore|Any CPU.ActiveCfg = Release|Any CPU
		{18986806-4FD8-484F-B1FA-6B68C9A316F3}.AppStore|Any CPU.Build.0 = Release|Any CPU
		{18986806-4FD8-484F-B1FA-6B68C9A316F3}.AppStore|Any CPU.Deploy.0 = Release|Any CPU
		{18986806-4FD8-484F-B1FA-6B68C9A316F3}.AppStore|ARM.ActiveCfg = Release|Any CPU
		{18986806-4FD8-484F-B1FA-6B68C9A316F3}.AppStore|ARM.Build.0 = Release|Any CPU
		{18986806-4FD8-484F-B1FA-6B68C9A316F3}.AppStore|ARM.Deploy.0 = Release|Any CPU
		{18986806-4FD8-484F-B1FA-6B68C9A316F3}.AppStore|iPhone.ActiveCfg = Release|Any CPU
		{18986806-4FD8-484F-B1FA-6B68C9A316F3}.AppStore|iPhone.Build.0 = Release|Any CPU
		{18986806-4FD8-484F-B1FA-6B68C9A316F3}.AppStore|iPhone.Deploy.0 = Release|Any CPU
		{18986806-4FD8-484F-B1FA-6B68C9A316F3}.AppStore|iPhoneSimulator.ActiveCfg = Release|Any CPU
		{18986806-4FD8-484F-B1FA-6B68C9A316F3}.AppStore|iPhoneSimulator.Build.0 = Release|Any CPU
		{18986806-4FD8-484F-B1FA-6B68C9A316F3}.AppStore|iPhoneSimulator.Deploy.0 = Release|Any CPU
		{18986806-4FD8-484F-B1FA-6B68C9A316F3}.AppStore|x64.ActiveCfg = Release|Any CPU
		{18986806-4FD8-484F-B1FA-6B68C9A316F3}.AppStore|x64.Build.0 = Release|Any CPU
		{18986806-4FD8-484F-B1FA-6B68C9A316F3}.AppStore|x64.Deploy.0 = Release|Any CPU
		{18986806-4FD8-484F-B1FA-6B68C9A316F3}.AppStore|x86.ActiveCfg = Release|Any CPU
		{18986806-4FD8-484F-B1FA-6B68C9A316F3}.AppStore|x86.Build.0 = Release|Any CPU
		{18986806-4FD8-484F-B1FA-6B68C9A316F3}.AppStore|x86.Deploy.0 = Release|Any CPU
		{18986806-4FD8-484F-B1FA-6B68C9A316F3}.Debug|Any CPU.ActiveCfg = Debug|Any CPU
		{18986806-4FD8-484F-B1FA-6B68C9A316F3}.Debug|Any CPU.Build.0 = Debug|Any CPU
		{18986806-4FD8-484F-B1FA-6B68C9A316F3}.Debug|Any CPU.Deploy.0 = Debug|Any CPU
		{18986806-4FD8-484F-B1FA-6B68C9A316F3}.Debug|ARM.ActiveCfg = Debug|Any CPU
		{18986806-4FD8-484F-B1FA-6B68C9A316F3}.Debug|ARM.Build.0 = Debug|Any CPU
		{18986806-4FD8-484F-B1FA-6B68C9A316F3}.Debug|ARM.Deploy.0 = Debug|Any CPU
		{18986806-4FD8-484F-B1FA-6B68C9A316F3}.Debug|iPhone.ActiveCfg = Debug|Any CPU
		{18986806-4FD8-484F-B1FA-6B68C9A316F3}.Debug|iPhone.Build.0 = Debug|Any CPU
		{18986806-4FD8-484F-B1FA-6B68C9A316F3}.Debug|iPhone.Deploy.0 = Debug|Any CPU
		{18986806-4FD8-484F-B1FA-6B68C9A316F3}.Debug|iPhoneSimulator.ActiveCfg = Debug|Any CPU
		{18986806-4FD8-484F-B1FA-6B68C9A316F3}.Debug|iPhoneSimulator.Build.0 = Debug|Any CPU
		{18986806-4FD8-484F-B1FA-6B68C9A316F3}.Debug|iPhoneSimulator.Deploy.0 = Debug|Any CPU
		{18986806-4FD8-484F-B1FA-6B68C9A316F3}.Debug|x64.ActiveCfg = Debug|Any CPU
		{18986806-4FD8-484F-B1FA-6B68C9A316F3}.Debug|x64.Build.0 = Debug|Any CPU
		{18986806-4FD8-484F-B1FA-6B68C9A316F3}.Debug|x64.Deploy.0 = Debug|Any CPU
		{18986806-4FD8-484F-B1FA-6B68C9A316F3}.Debug|x86.ActiveCfg = Debug|Any CPU
		{18986806-4FD8-484F-B1FA-6B68C9A316F3}.Debug|x86.Build.0 = Debug|Any CPU
		{18986806-4FD8-484F-B1FA-6B68C9A316F3}.Debug|x86.Deploy.0 = Debug|Any CPU
		{18986806-4FD8-484F-B1FA-6B68C9A316F3}.Release|Any CPU.ActiveCfg = Release|Any CPU
		{18986806-4FD8-484F-B1FA-6B68C9A316F3}.Release|Any CPU.Build.0 = Release|Any CPU
		{18986806-4FD8-484F-B1FA-6B68C9A316F3}.Release|Any CPU.Deploy.0 = Release|Any CPU
		{18986806-4FD8-484F-B1FA-6B68C9A316F3}.Release|ARM.ActiveCfg = Release|Any CPU
		{18986806-4FD8-484F-B1FA-6B68C9A316F3}.Release|ARM.Build.0 = Release|Any CPU
		{18986806-4FD8-484F-B1FA-6B68C9A316F3}.Release|ARM.Deploy.0 = Release|Any CPU
		{18986806-4FD8-484F-B1FA-6B68C9A316F3}.Release|iPhone.ActiveCfg = Release|Any CPU
		{18986806-4FD8-484F-B1FA-6B68C9A316F3}.Release|iPhone.Build.0 = Release|Any CPU
		{18986806-4FD8-484F-B1FA-6B68C9A316F3}.Release|iPhone.Deploy.0 = Release|Any CPU
		{18986806-4FD8-484F-B1FA-6B68C9A316F3}.Release|iPhoneSimulator.ActiveCfg = Release|Any CPU
		{18986806-4FD8-484F-B1FA-6B68C9A316F3}.Release|iPhoneSimulator.Build.0 = Release|Any CPU
		{18986806-4FD8-484F-B1FA-6B68C9A316F3}.Release|iPhoneSimulator.Deploy.0 = Release|Any CPU
		{18986806-4FD8-484F-B1FA-6B68C9A316F3}.Release|x64.ActiveCfg = Release|Any CPU
		{18986806-4FD8-484F-B1FA-6B68C9A316F3}.Release|x64.Build.0 = Release|Any CPU
		{18986806-4FD8-484F-B1FA-6B68C9A316F3}.Release|x64.Deploy.0 = Release|Any CPU
		{18986806-4FD8-484F-B1FA-6B68C9A316F3}.Release|x86.ActiveCfg = Release|Any CPU
		{18986806-4FD8-484F-B1FA-6B68C9A316F3}.Release|x86.Build.0 = Release|Any CPU
		{18986806-4FD8-484F-B1FA-6B68C9A316F3}.Release|x86.Deploy.0 = Release|Any CPU
		{865F63A2-BD3A-4FC7-9EED-4DBB281C6E23}.Ad-Hoc|Any CPU.ActiveCfg = Release|Any CPU
		{865F63A2-BD3A-4FC7-9EED-4DBB281C6E23}.Ad-Hoc|Any CPU.Build.0 = Release|Any CPU
		{865F63A2-BD3A-4FC7-9EED-4DBB281C6E23}.Ad-Hoc|ARM.ActiveCfg = Release|Any CPU
		{865F63A2-BD3A-4FC7-9EED-4DBB281C6E23}.Ad-Hoc|ARM.Build.0 = Release|Any CPU
		{865F63A2-BD3A-4FC7-9EED-4DBB281C6E23}.Ad-Hoc|iPhone.ActiveCfg = Release|Any CPU
		{865F63A2-BD3A-4FC7-9EED-4DBB281C6E23}.Ad-Hoc|iPhone.Build.0 = Release|Any CPU
		{865F63A2-BD3A-4FC7-9EED-4DBB281C6E23}.Ad-Hoc|iPhoneSimulator.ActiveCfg = Release|Any CPU
		{865F63A2-BD3A-4FC7-9EED-4DBB281C6E23}.Ad-Hoc|iPhoneSimulator.Build.0 = Release|Any CPU
		{865F63A2-BD3A-4FC7-9EED-4DBB281C6E23}.Ad-Hoc|x64.ActiveCfg = Release|Any CPU
		{865F63A2-BD3A-4FC7-9EED-4DBB281C6E23}.Ad-Hoc|x64.Build.0 = Release|Any CPU
		{865F63A2-BD3A-4FC7-9EED-4DBB281C6E23}.Ad-Hoc|x86.ActiveCfg = Release|Any CPU
		{865F63A2-BD3A-4FC7-9EED-4DBB281C6E23}.Ad-Hoc|x86.Build.0 = Release|Any CPU
		{865F63A2-BD3A-4FC7-9EED-4DBB281C6E23}.AppStore|Any CPU.ActiveCfg = Release|Any CPU
		{865F63A2-BD3A-4FC7-9EED-4DBB281C6E23}.AppStore|Any CPU.Build.0 = Release|Any CPU
		{865F63A2-BD3A-4FC7-9EED-4DBB281C6E23}.AppStore|ARM.ActiveCfg = Release|Any CPU
		{865F63A2-BD3A-4FC7-9EED-4DBB281C6E23}.AppStore|ARM.Build.0 = Release|Any CPU
		{865F63A2-BD3A-4FC7-9EED-4DBB281C6E23}.AppStore|iPhone.ActiveCfg = Release|Any CPU
		{865F63A2-BD3A-4FC7-9EED-4DBB281C6E23}.AppStore|iPhone.Build.0 = Release|Any CPU
		{865F63A2-BD3A-4FC7-9EED-4DBB281C6E23}.AppStore|iPhoneSimulator.ActiveCfg = Release|Any CPU
		{865F63A2-BD3A-4FC7-9EED-4DBB281C6E23}.AppStore|iPhoneSimulator.Build.0 = Release|Any CPU
		{865F63A2-BD3A-4FC7-9EED-4DBB281C6E23}.AppStore|x64.ActiveCfg = Release|Any CPU
		{865F63A2-BD3A-4FC7-9EED-4DBB281C6E23}.AppStore|x64.Build.0 = Release|Any CPU
		{865F63A2-BD3A-4FC7-9EED-4DBB281C6E23}.AppStore|x86.ActiveCfg = Release|Any CPU
		{865F63A2-BD3A-4FC7-9EED-4DBB281C6E23}.AppStore|x86.Build.0 = Release|Any CPU
		{865F63A2-BD3A-4FC7-9EED-4DBB281C6E23}.Debug|Any CPU.ActiveCfg = Debug|Any CPU
		{865F63A2-BD3A-4FC7-9EED-4DBB281C6E23}.Debug|Any CPU.Build.0 = Debug|Any CPU
		{865F63A2-BD3A-4FC7-9EED-4DBB281C6E23}.Debug|ARM.ActiveCfg = Debug|Any CPU
		{865F63A2-BD3A-4FC7-9EED-4DBB281C6E23}.Debug|ARM.Build.0 = Debug|Any CPU
		{865F63A2-BD3A-4FC7-9EED-4DBB281C6E23}.Debug|iPhone.ActiveCfg = Debug|Any CPU
		{865F63A2-BD3A-4FC7-9EED-4DBB281C6E23}.Debug|iPhone.Build.0 = Debug|Any CPU
		{865F63A2-BD3A-4FC7-9EED-4DBB281C6E23}.Debug|iPhoneSimulator.ActiveCfg = Debug|Any CPU
		{865F63A2-BD3A-4FC7-9EED-4DBB281C6E23}.Debug|iPhoneSimulator.Build.0 = Debug|Any CPU
		{865F63A2-BD3A-4FC7-9EED-4DBB281C6E23}.Debug|x64.ActiveCfg = Debug|Any CPU
		{865F63A2-BD3A-4FC7-9EED-4DBB281C6E23}.Debug|x64.Build.0 = Debug|Any CPU
		{865F63A2-BD3A-4FC7-9EED-4DBB281C6E23}.Debug|x86.ActiveCfg = Debug|Any CPU
		{865F63A2-BD3A-4FC7-9EED-4DBB281C6E23}.Debug|x86.Build.0 = Debug|Any CPU
		{865F63A2-BD3A-4FC7-9EED-4DBB281C6E23}.Release|Any CPU.ActiveCfg = Release|Any CPU
		{865F63A2-BD3A-4FC7-9EED-4DBB281C6E23}.Release|Any CPU.Build.0 = Release|Any CPU
		{865F63A2-BD3A-4FC7-9EED-4DBB281C6E23}.Release|ARM.ActiveCfg = Release|Any CPU
		{865F63A2-BD3A-4FC7-9EED-4DBB281C6E23}.Release|ARM.Build.0 = Release|Any CPU
		{865F63A2-BD3A-4FC7-9EED-4DBB281C6E23}.Release|iPhone.ActiveCfg = Release|Any CPU
		{865F63A2-BD3A-4FC7-9EED-4DBB281C6E23}.Release|iPhone.Build.0 = Release|Any CPU
		{865F63A2-BD3A-4FC7-9EED-4DBB281C6E23}.Release|iPhoneSimulator.ActiveCfg = Release|Any CPU
		{865F63A2-BD3A-4FC7-9EED-4DBB281C6E23}.Release|iPhoneSimulator.Build.0 = Release|Any CPU
		{865F63A2-BD3A-4FC7-9EED-4DBB281C6E23}.Release|x64.ActiveCfg = Release|Any CPU
		{865F63A2-BD3A-4FC7-9EED-4DBB281C6E23}.Release|x64.Build.0 = Release|Any CPU
		{865F63A2-BD3A-4FC7-9EED-4DBB281C6E23}.Release|x86.ActiveCfg = Release|Any CPU
		{865F63A2-BD3A-4FC7-9EED-4DBB281C6E23}.Release|x86.Build.0 = Release|Any CPU
		{D04E8246-CEB7-4A6B-8845-9064BDF3722E}.Ad-Hoc|Any CPU.ActiveCfg = Release|x86
		{D04E8246-CEB7-4A6B-8845-9064BDF3722E}.Ad-Hoc|Any CPU.Build.0 = Release|x86
		{D04E8246-CEB7-4A6B-8845-9064BDF3722E}.Ad-Hoc|Any CPU.Deploy.0 = Release|x86
		{D04E8246-CEB7-4A6B-8845-9064BDF3722E}.Ad-Hoc|ARM.ActiveCfg = Release|ARM
		{D04E8246-CEB7-4A6B-8845-9064BDF3722E}.Ad-Hoc|ARM.Build.0 = Release|ARM
		{D04E8246-CEB7-4A6B-8845-9064BDF3722E}.Ad-Hoc|ARM.Deploy.0 = Release|ARM
		{D04E8246-CEB7-4A6B-8845-9064BDF3722E}.Ad-Hoc|iPhone.ActiveCfg = Release|x86
		{D04E8246-CEB7-4A6B-8845-9064BDF3722E}.Ad-Hoc|iPhone.Build.0 = Release|x86
		{D04E8246-CEB7-4A6B-8845-9064BDF3722E}.Ad-Hoc|iPhone.Deploy.0 = Release|x86
		{D04E8246-CEB7-4A6B-8845-9064BDF3722E}.Ad-Hoc|iPhoneSimulator.ActiveCfg = Release|x86
		{D04E8246-CEB7-4A6B-8845-9064BDF3722E}.Ad-Hoc|iPhoneSimulator.Build.0 = Release|x86
		{D04E8246-CEB7-4A6B-8845-9064BDF3722E}.Ad-Hoc|iPhoneSimulator.Deploy.0 = Release|x86
		{D04E8246-CEB7-4A6B-8845-9064BDF3722E}.Ad-Hoc|x64.ActiveCfg = Release|x64
		{D04E8246-CEB7-4A6B-8845-9064BDF3722E}.Ad-Hoc|x64.Build.0 = Release|x64
		{D04E8246-CEB7-4A6B-8845-9064BDF3722E}.Ad-Hoc|x64.Deploy.0 = Release|x64
		{D04E8246-CEB7-4A6B-8845-9064BDF3722E}.Ad-Hoc|x86.ActiveCfg = Release|x86
		{D04E8246-CEB7-4A6B-8845-9064BDF3722E}.Ad-Hoc|x86.Build.0 = Release|x86
		{D04E8246-CEB7-4A6B-8845-9064BDF3722E}.Ad-Hoc|x86.Deploy.0 = Release|x86
		{D04E8246-CEB7-4A6B-8845-9064BDF3722E}.AppStore|Any CPU.ActiveCfg = Release|x86
		{D04E8246-CEB7-4A6B-8845-9064BDF3722E}.AppStore|Any CPU.Build.0 = Release|x86
		{D04E8246-CEB7-4A6B-8845-9064BDF3722E}.AppStore|Any CPU.Deploy.0 = Release|x86
		{D04E8246-CEB7-4A6B-8845-9064BDF3722E}.AppStore|ARM.ActiveCfg = Release|ARM
		{D04E8246-CEB7-4A6B-8845-9064BDF3722E}.AppStore|ARM.Build.0 = Release|ARM
		{D04E8246-CEB7-4A6B-8845-9064BDF3722E}.AppStore|ARM.Deploy.0 = Release|ARM
		{D04E8246-CEB7-4A6B-8845-9064BDF3722E}.AppStore|iPhone.ActiveCfg = Release|x86
		{D04E8246-CEB7-4A6B-8845-9064BDF3722E}.AppStore|iPhone.Build.0 = Release|x86
		{D04E8246-CEB7-4A6B-8845-9064BDF3722E}.AppStore|iPhone.Deploy.0 = Release|x86
		{D04E8246-CEB7-4A6B-8845-9064BDF3722E}.AppStore|iPhoneSimulator.ActiveCfg = Release|x86
		{D04E8246-CEB7-4A6B-8845-9064BDF3722E}.AppStore|iPhoneSimulator.Build.0 = Release|x86
		{D04E8246-CEB7-4A6B-8845-9064BDF3722E}.AppStore|iPhoneSimulator.Deploy.0 = Release|x86
		{D04E8246-CEB7-4A6B-8845-9064BDF3722E}.AppStore|x64.ActiveCfg = Release|x64
		{D04E8246-CEB7-4A6B-8845-9064BDF3722E}.AppStore|x64.Build.0 = Release|x64
		{D04E8246-CEB7-4A6B-8845-9064BDF3722E}.AppStore|x64.Deploy.0 = Release|x64
		{D04E8246-CEB7-4A6B-8845-9064BDF3722E}.AppStore|x86.ActiveCfg = Release|x86
		{D04E8246-CEB7-4A6B-8845-9064BDF3722E}.AppStore|x86.Build.0 = Release|x86
		{D04E8246-CEB7-4A6B-8845-9064BDF3722E}.AppStore|x86.Deploy.0 = Release|x86
		{D04E8246-CEB7-4A6B-8845-9064BDF3722E}.Debug|Any CPU.ActiveCfg = Debug|x86
		{D04E8246-CEB7-4A6B-8845-9064BDF3722E}.Debug|ARM.ActiveCfg = Debug|ARM
		{D04E8246-CEB7-4A6B-8845-9064BDF3722E}.Debug|ARM.Build.0 = Debug|ARM
		{D04E8246-CEB7-4A6B-8845-9064BDF3722E}.Debug|ARM.Deploy.0 = Debug|ARM
		{D04E8246-CEB7-4A6B-8845-9064BDF3722E}.Debug|iPhone.ActiveCfg = Debug|x86
		{D04E8246-CEB7-4A6B-8845-9064BDF3722E}.Debug|iPhoneSimulator.ActiveCfg = Debug|x86
		{D04E8246-CEB7-4A6B-8845-9064BDF3722E}.Debug|x64.ActiveCfg = Debug|x64
		{D04E8246-CEB7-4A6B-8845-9064BDF3722E}.Debug|x64.Build.0 = Debug|x64
		{D04E8246-CEB7-4A6B-8845-9064BDF3722E}.Debug|x64.Deploy.0 = Debug|x64
		{D04E8246-CEB7-4A6B-8845-9064BDF3722E}.Debug|x86.ActiveCfg = Debug|x86
		{D04E8246-CEB7-4A6B-8845-9064BDF3722E}.Debug|x86.Build.0 = Debug|x86
		{D04E8246-CEB7-4A6B-8845-9064BDF3722E}.Debug|x86.Deploy.0 = Debug|x86
		{D04E8246-CEB7-4A6B-8845-9064BDF3722E}.Release|Any CPU.ActiveCfg = Release|x86
		{D04E8246-CEB7-4A6B-8845-9064BDF3722E}.Release|ARM.ActiveCfg = Release|ARM
		{D04E8246-CEB7-4A6B-8845-9064BDF3722E}.Release|ARM.Build.0 = Release|ARM
		{D04E8246-CEB7-4A6B-8845-9064BDF3722E}.Release|ARM.Deploy.0 = Release|ARM
		{D04E8246-CEB7-4A6B-8845-9064BDF3722E}.Release|iPhone.ActiveCfg = Release|x86
		{D04E8246-CEB7-4A6B-8845-9064BDF3722E}.Release|iPhoneSimulator.ActiveCfg = Release|x86
		{D04E8246-CEB7-4A6B-8845-9064BDF3722E}.Release|x64.ActiveCfg = Release|x64
		{D04E8246-CEB7-4A6B-8845-9064BDF3722E}.Release|x64.Build.0 = Release|x64
		{D04E8246-CEB7-4A6B-8845-9064BDF3722E}.Release|x64.Deploy.0 = Release|x64
		{D04E8246-CEB7-4A6B-8845-9064BDF3722E}.Release|x86.ActiveCfg = Release|x86
		{D04E8246-CEB7-4A6B-8845-9064BDF3722E}.Release|x86.Build.0 = Release|x86
		{D04E8246-CEB7-4A6B-8845-9064BDF3722E}.Release|x86.Deploy.0 = Release|x86
		{2F49A098-35CD-4B7F-8FD5-D5A76BC5206F}.Ad-Hoc|Any CPU.ActiveCfg = Ad-Hoc|iPhone
		{2F49A098-35CD-4B7F-8FD5-D5A76BC5206F}.Ad-Hoc|ARM.ActiveCfg = Ad-Hoc|iPhone
		{2F49A098-35CD-4B7F-8FD5-D5A76BC5206F}.Ad-Hoc|iPhone.ActiveCfg = Ad-Hoc|iPhone
		{2F49A098-35CD-4B7F-8FD5-D5A76BC5206F}.Ad-Hoc|iPhone.Build.0 = Ad-Hoc|iPhone
		{2F49A098-35CD-4B7F-8FD5-D5A76BC5206F}.Ad-Hoc|iPhoneSimulator.ActiveCfg = Ad-Hoc|iPhoneSimulator
		{2F49A098-35CD-4B7F-8FD5-D5A76BC5206F}.Ad-Hoc|iPhoneSimulator.Build.0 = Ad-Hoc|iPhoneSimulator
		{2F49A098-35CD-4B7F-8FD5-D5A76BC5206F}.Ad-Hoc|x64.ActiveCfg = Ad-Hoc|iPhone
		{2F49A098-35CD-4B7F-8FD5-D5A76BC5206F}.Ad-Hoc|x86.ActiveCfg = Ad-Hoc|iPhone
		{2F49A098-35CD-4B7F-8FD5-D5A76BC5206F}.AppStore|Any CPU.ActiveCfg = AppStore|iPhone
		{2F49A098-35CD-4B7F-8FD5-D5A76BC5206F}.AppStore|ARM.ActiveCfg = AppStore|iPhone
		{2F49A098-35CD-4B7F-8FD5-D5A76BC5206F}.AppStore|iPhone.ActiveCfg = AppStore|iPhone
		{2F49A098-35CD-4B7F-8FD5-D5A76BC5206F}.AppStore|iPhone.Build.0 = AppStore|iPhone
		{2F49A098-35CD-4B7F-8FD5-D5A76BC5206F}.AppStore|iPhoneSimulator.ActiveCfg = AppStore|iPhoneSimulator
		{2F49A098-35CD-4B7F-8FD5-D5A76BC5206F}.AppStore|iPhoneSimulator.Build.0 = AppStore|iPhoneSimulator
		{2F49A098-35CD-4B7F-8FD5-D5A76BC5206F}.AppStore|x64.ActiveCfg = AppStore|iPhone
		{2F49A098-35CD-4B7F-8FD5-D5A76BC5206F}.AppStore|x86.ActiveCfg = AppStore|iPhone
		{2F49A098-35CD-4B7F-8FD5-D5A76BC5206F}.Debug|Any CPU.ActiveCfg = Debug|iPhone
		{2F49A098-35CD-4B7F-8FD5-D5A76BC5206F}.Debug|ARM.ActiveCfg = Debug|iPhone
		{2F49A098-35CD-4B7F-8FD5-D5A76BC5206F}.Debug|iPhone.ActiveCfg = Debug|iPhone
		{2F49A098-35CD-4B7F-8FD5-D5A76BC5206F}.Debug|iPhone.Build.0 = Debug|iPhone
		{2F49A098-35CD-4B7F-8FD5-D5A76BC5206F}.Debug|iPhoneSimulator.ActiveCfg = Debug|iPhoneSimulator
		{2F49A098-35CD-4B7F-8FD5-D5A76BC5206F}.Debug|iPhoneSimulator.Build.0 = Debug|iPhoneSimulator
		{2F49A098-35CD-4B7F-8FD5-D5A76BC5206F}.Debug|x64.ActiveCfg = Debug|iPhone
		{2F49A098-35CD-4B7F-8FD5-D5A76BC5206F}.Debug|x86.ActiveCfg = Debug|iPhone
		{2F49A098-35CD-4B7F-8FD5-D5A76BC5206F}.Release|Any CPU.ActiveCfg = Release|iPhone
		{2F49A098-35CD-4B7F-8FD5-D5A76BC5206F}.Release|ARM.ActiveCfg = Release|iPhone
		{2F49A098-35CD-4B7F-8FD5-D5A76BC5206F}.Release|iPhone.ActiveCfg = Release|iPhone
		{2F49A098-35CD-4B7F-8FD5-D5A76BC5206F}.Release|iPhone.Build.0 = Release|iPhone
		{2F49A098-35CD-4B7F-8FD5-D5A76BC5206F}.Release|iPhoneSimulator.ActiveCfg = Release|iPhoneSimulator
		{2F49A098-35CD-4B7F-8FD5-D5A76BC5206F}.Release|iPhoneSimulator.Build.0 = Release|iPhoneSimulator
		{2F49A098-35CD-4B7F-8FD5-D5A76BC5206F}.Release|x64.ActiveCfg = Release|iPhone
		{2F49A098-35CD-4B7F-8FD5-D5A76BC5206F}.Release|x86.ActiveCfg = Release|iPhone
	EndGlobalSection
	GlobalSection(SolutionProperties) = preSolution
		HideSolutionNode = FALSE
	EndGlobalSection
EndGlobal
